// !$*UTF8*$!
{
	archiveVersion = 1;
	classes = {
	};
	objectVersion = 77;
	objects = {

/* Begin PBXBuildFile section */
		0007737C6FCC57DA42BD02A3 /* Label+CoreDataClass.swift in Sources */ = {isa = PBXBuildFile; fileRef = B562A4DF02514E22BF2BDC35 /* Label+CoreDataClass.swift */; };
		01E3AFEC069DF18B4E2A0C4E /* SyncResult.swift in Sources */ = {isa = PBXBuildFile; fileRef = CCED96777A4573DFBA0FF0AA /* SyncResult.swift */; };
		038304D92D7F6AAEBE6867EE /* CardStepsViewModel.swift in Sources */ = {isa = PBXBuildFile; fileRef = 2AB088C5A75FE888B531310C /* CardStepsViewModel.swift */; };
		0908EEB3330789590BEB75D2 /* CardEntity.swift in Sources */ = {isa = PBXBuildFile; fileRef = E0435462C469D8222A55798D /* CardEntity.swift */; };
		098FD4FF85070443FBF44DF5 /* FenixKanbanApp.swift in Sources */ = {isa = PBXBuildFile; fileRef = 85494C22E08296B97AE0FA5C /* FenixKanbanApp.swift */; };
		12851253CACE6154745B79E3 /* BoardEntityTests.swift in Sources */ = {isa = PBXBuildFile; fileRef = 4E8E42CB99AC86B2F3EE7E8F /* BoardEntityTests.swift */; };
		17275D2E744DB68AE345032D /* ColumnTombstone+CoreDataClass.swift in Sources */ = {isa = PBXBuildFile; fileRef = 86F7D77B94002FF0AFD97874 /* ColumnTombstone+CoreDataClass.swift */; };
		17B189DE5F79704AE4FDF910 /* NotificationService.swift in Sources */ = {isa = PBXBuildFile; fileRef = D10A143D4EF691E4A0436C89 /* NotificationService.swift */; };
		18A304663770D25F082F2E2C /* FizzyBoardMappingTests.swift in Sources */ = {isa = PBXBuildFile; fileRef = 8F61A847D1870E4D02FFCCEA /* FizzyBoardMappingTests.swift */; };
		1A8A7DADB70C45BD073693AC /* FizzyClient+Directory.swift in Sources */ = {isa = PBXBuildFile; fileRef = 81D940AFA2D7BAA47055968F /* FizzyClient+Directory.swift */; };
		1A8EDCFA9E34232FEF82D754 /* BoardViewModelTests.swift in Sources */ = {isa = PBXBuildFile; fileRef = DB041FBA0AE74AA75078C039 /* BoardViewModelTests.swift */; };
		1CB04CF828EEDBD05FD6D100 /* FirstSyncModeTests.swift in Sources */ = {isa = PBXBuildFile; fileRef = D613029DDB577CD954C47EEC /* FirstSyncModeTests.swift */; };
		1FC7C8014EFC4F2A11140203 /* BoardViewModelGoldenTests.swift in Sources */ = {isa = PBXBuildFile; fileRef = 3111A5D05410056866896FCB /* BoardViewModelGoldenTests.swift */; };
		24B29C740BBF59C7B9D78678 /* CardEntityTests.swift in Sources */ = {isa = PBXBuildFile; fileRef = EF898B5807DF1101F6F9DF0C /* CardEntityTests.swift */; };
		27984FA5AFF59944FC4885BE /* FizzyAuthView.swift in Sources */ = {isa = PBXBuildFile; fileRef = 139288734275D3EB49C0F400 /* FizzyAuthView.swift */; };
		27FBE181E269E549EEF69233 /* SettingsView.swift in Sources */ = {isa = PBXBuildFile; fileRef = 4655A9176AC7C9288D8920FE /* SettingsView.swift */; };
		280FE176F4F5E3DF15AAB119 /* View+AdaptiveLayout.swift in Sources */ = {isa = PBXBuildFile; fileRef = E5AF375736749B5845C69519 /* View+AdaptiveLayout.swift */; };
		2AAF549C9C77BBDEE6A9DAA6 /* CardView.swift in Sources */ = {isa = PBXBuildFile; fileRef = 9E20A59A4E9DDCD06081E6A7 /* CardView.swift */; };
		2B4EC97C9498E37E6B2F4292 /* LabelBadge.swift in Sources */ = {isa = PBXBuildFile; fileRef = 27A14F077027BF8262193AEE /* LabelBadge.swift */; };
		2BAB3B616AC9A95A8CC6D3B1 /* AuthenticationServiceTests.swift in Sources */ = {isa = PBXBuildFile; fileRef = 4352F68CBFA8610EEC9EE57A /* AuthenticationServiceTests.swift */; };
		2BE7A2F079F329C4788390D0 /* OpenCardIntent.swift in Sources */ = {isa = PBXBuildFile; fileRef = 411F394EE3281672E6FE03F0 /* OpenCardIntent.swift */; };
		2F13B71B01BE8EB33100F976 /* FizzyDTOs.swift in Sources */ = {isa = PBXBuildFile; fileRef = 8A25B0D029F52671883DC255 /* FizzyDTOs.swift */; };
		3006918E8F888BD08EEDD237 /* CardDetailView.swift in Sources */ = {isa = PBXBuildFile; fileRef = 2253B2841E2AA6BE67DDC30B /* CardDetailView.swift */; };
		321C0D7DB3CF3DD8D9ECD6B4 /* FizzySyncMappingTests.swift in Sources */ = {isa = PBXBuildFile; fileRef = D26870A7B74A1F2FDA417A7D /* FizzySyncMappingTests.swift */; };
		3234809B8B3230567DA0DF54 /* NotificationSettingsView.swift in Sources */ = {isa = PBXBuildFile; fileRef = F90C5E7DFE341CFA9C38DACC /* NotificationSettingsView.swift */; };
		32BA63F4742BBE3D1371E561 /* FenixKanban.xcdatamodeld in Sources */ = {isa = PBXBuildFile; fileRef = EEBD451172E851A085C36F49 /* FenixKanban.xcdatamodeld */; };
		32F952DF0718DED5C6CA7E3B /* ColumnView.swift in Sources */ = {isa = PBXBuildFile; fileRef = D05B5FFB9A7288FA077C6870 /* ColumnView.swift */; };
		33517732DB9D6DC7B0AC2655 /* CardStepsSection.swift in Sources */ = {isa = PBXBuildFile; fileRef = 59AFEEB67FB4B51FF48A4588 /* CardStepsSection.swift */; };
		36658752FDD73D09DB8CA091 /* Color+CrossPlatform.swift in Sources */ = {isa = PBXBuildFile; fileRef = 3BAF9D30411BBA68C9901CBC /* Color+CrossPlatform.swift */; };
		3680BDD5845AA5E618ECD06A /* ColorCrossPlatformTests.swift in Sources */ = {isa = PBXBuildFile; fileRef = DD77820B4EE492CF7AE25085 /* ColorCrossPlatformTests.swift */; };
		37D4092F6735945F67D6AD4E /* FizzyAuthState.swift in Sources */ = {isa = PBXBuildFile; fileRef = 0BDB1F0B68F0499ABCF92B6D /* FizzyAuthState.swift */; };
		38B76F596C9ADE228B1DBFAE /* BackupExporterTests.swift in Sources */ = {isa = PBXBuildFile; fileRef = E681D4F4ECB3F364C0C422F0 /* BackupExporterTests.swift */; };
		393B0EA42CCAAC5559A50522 /* CardStepsViewModelTests.swift in Sources */ = {isa = PBXBuildFile; fileRef = F000C371B0595EAD196C08A8 /* CardStepsViewModelTests.swift */; };
		3D5303B80E2BFC55CBE3D81F /* OpenBoardIntentTests.swift in Sources */ = {isa = PBXBuildFile; fileRef = E9EA1CAC7BDDA773E2C3A583 /* OpenBoardIntentTests.swift */; };
		3E2D89F9EEBD7CA3CB01AFE2 /* FizzyDTOs+Comments.swift in Sources */ = {isa = PBXBuildFile; fileRef = 5DCF09CEDCB117837C6930E7 /* FizzyDTOs+Comments.swift */; };
		41945B9C390740A8D93C3ADF /* NotificationServiceTests.swift in Sources */ = {isa = PBXBuildFile; fileRef = 78AC2296425D56EBD2D865F6 /* NotificationServiceTests.swift */; };
		41D59D4CD494CE3FF0C722AE /* CardAssignee.swift in Sources */ = {isa = PBXBuildFile; fileRef = DA5CC12ADA6D06949A786EDC /* CardAssignee.swift */; };
		42100AF5E2377B639D8C7043 /* FizzyClientBoardsTests.swift in Sources */ = {isa = PBXBuildFile; fileRef = 38A57D39B2CCA5985144EF4A /* FizzyClientBoardsTests.swift */; };
		4262C459E4BA6E8674A9214F /* BoardViewModelLifecycleTests.swift in Sources */ = {isa = PBXBuildFile; fileRef = A61AF1066F57E5404E2BF366 /* BoardViewModelLifecycleTests.swift */; };
		431BFEDC9B5D0E3C958D1FE7 /* AuthView.swift in Sources */ = {isa = PBXBuildFile; fileRef = 0E2D11BAE72815F0D7F274CD /* AuthView.swift */; };
		43CF64EA2977EEE9323333DB /* NavigationModelTests.swift in Sources */ = {isa = PBXBuildFile; fileRef = A1E87D54C1B073A40441ED37 /* NavigationModelTests.swift */; };
		443FC87C48FE4092546E9C78 /* Board+CoreDataClass.swift in Sources */ = {isa = PBXBuildFile; fileRef = 5909D4678DDACA354C6FDC36 /* Board+CoreDataClass.swift */; };
		4575DF39C8B534793CB3B666 /* FizzyBoardMapping.swift in Sources */ = {isa = PBXBuildFile; fileRef = 236DA19A55EE9EA81DE3FE89 /* FizzyBoardMapping.swift */; };
		46B38803724EF2448FFDA1FD /* FizzyClient+Boards.swift in Sources */ = {isa = PBXBuildFile; fileRef = 1E738ED3A6BBDD9FDA17CE8D /* FizzyClient+Boards.swift */; };
		47952C2FBEE5AFA7208296A7 /* FizzyClient+CardActions.swift in Sources */ = {isa = PBXBuildFile; fileRef = CB0799150A86FC83B5B880B0 /* FizzyClient+CardActions.swift */; };
		47B7A2EF694C710937F3825E /* FizzyClientCardActionsTests.swift in Sources */ = {isa = PBXBuildFile; fileRef = 56BA5DC73054F09A324E9B58 /* FizzyClientCardActionsTests.swift */; };
		48B42F3CCACF3FBA3E7F8922 /* CardRepositoryGoldenSortTests.swift in Sources */ = {isa = PBXBuildFile; fileRef = 58682DDB41C2C955C5ABD519 /* CardRepositoryGoldenSortTests.swift */; };
		49A6CB72359D375FB13B2B7D /* FizzyDTOs+Boards.swift in Sources */ = {isa = PBXBuildFile; fileRef = CDA0031C50989F69B37D43EE /* FizzyDTOs+Boards.swift */; };
		49E731B3D3082D79E09013C6 /* Color+Hex.swift in Sources */ = {isa = PBXBuildFile; fileRef = FAE77B96655930ABFC5A54DA /* Color+Hex.swift */; };
		4C558BCB1F1A5E83A77D351E /* BoardListView.swift in Sources */ = {isa = PBXBuildFile; fileRef = B641E69411C4F09DB4A6E2DD /* BoardListView.swift */; };
		4D66DB2B5491D5E5DC10E614 /* Date+Relative.swift in Sources */ = {isa = PBXBuildFile; fileRef = 8BBA8E6B155CEA2FD11BA076 /* Date+Relative.swift */; };
		4EE391539AF6711C5060C0E7 /* BoardView.swift in Sources */ = {isa = PBXBuildFile; fileRef = B2BB675BD426DD316D476C37 /* BoardView.swift */; };
		5039163B9D594E4E35237796 /* GoldZoneChip.swift in Sources */ = {isa = PBXBuildFile; fileRef = 72EAF4548651CF03FA7CA77D /* GoldZoneChip.swift */; };
		514361CF37BCE7CEB710CCD8 /* FizzyAuthStatusView.swift in Sources */ = {isa = PBXBuildFile; fileRef = 824D0B1348180DDDB6480B5D /* FizzyAuthStatusView.swift */; };
		577A21A946600DF0FCF63140 /* LabelEditorSheet.swift in Sources */ = {isa = PBXBuildFile; fileRef = 9408D41208AD8931538011B8 /* LabelEditorSheet.swift */; };
		5784E51B2890575C8CD43F0C /* CardFizzyAttributesTests.swift in Sources */ = {isa = PBXBuildFile; fileRef = 4320EF6E55D4289D8090AF3A /* CardFizzyAttributesTests.swift */; };
		5795522A430FAB8B0D9E3425 /* FizzyAuthPhase.swift in Sources */ = {isa = PBXBuildFile; fileRef = F24019D9090EA00DA9C7D193 /* FizzyAuthPhase.swift */; };
		58F792A039D26E85E170C0A6 /* NavigationModel.swift in Sources */ = {isa = PBXBuildFile; fileRef = D9864DD5AE3F9D3B1B6B2348 /* NavigationModel.swift */; };
		5B7B07F280A4511744AF3E83 /* FizzyClientDirectoryTests.swift in Sources */ = {isa = PBXBuildFile; fileRef = A472D8FA16F1EB9A071E6E64 /* FizzyClientDirectoryTests.swift */; };
		5C4881582D1DB4AF315EC0E4 /* CardTombstone+CoreDataClass.swift in Sources */ = {isa = PBXBuildFile; fileRef = 00732E1A5C4D4B8020209330 /* CardTombstone+CoreDataClass.swift */; };
		5E7BDD56C001FD9FF4B9C87C /* SyncStatusIndicator.swift in Sources */ = {isa = PBXBuildFile; fileRef = D1C257D017738FEE517DB1CA /* SyncStatusIndicator.swift */; };
		63D0C71A1CC4E212A545376F /* Card+CoreDataClass.swift in Sources */ = {isa = PBXBuildFile; fileRef = 8866EFD2141D3C4A5D9723F1 /* Card+CoreDataClass.swift */; };
		6721B436DE044A5FB471EA5C /* LaunchScreen.storyboard in Resources */ = {isa = PBXBuildFile; fileRef = C5675C125FA0A0508D8E6A50 /* LaunchScreen.storyboard */; };
		6821052820164D6848537418 /* BoardRepositoryTests.swift in Sources */ = {isa = PBXBuildFile; fileRef = 0906AE18DFC56CF8C029EE3E /* BoardRepositoryTests.swift */; };
		69BF266ADD30F1A28470A779 /* CardRepository.swift in Sources */ = {isa = PBXBuildFile; fileRef = CACAAF5DC4AC402C5BBD81E2 /* CardRepository.swift */; };
		6B8CCB3D027AFF0260256D06 /* Assets.xcassets in Resources */ = {isa = PBXBuildFile; fileRef = C9D9F931CC1F616741916216 /* Assets.xcassets */; };
		6C8C404DB12E296DC35C51F5 /* CardQuery.swift in Sources */ = {isa = PBXBuildFile; fileRef = B4F592F755DD0739220B0604 /* CardQuery.swift */; };
		6D71EC62F098049DA2784D72 /* FindGoldenCardsIntent.swift in Sources */ = {isa = PBXBuildFile; fileRef = CD208E7FEC3CDAB1ACD3238E /* FindGoldenCardsIntent.swift */; };
		703038A826EEB17114395035 /* PreviewPersistence.swift in Sources */ = {isa = PBXBuildFile; fileRef = BBD6409104882DAF7C55FF7D /* PreviewPersistence.swift */; };
		7217E9831E28A4081879F59C /* CardGoldenTicketTests.swift in Sources */ = {isa = PBXBuildFile; fileRef = F242A8F3B83F682279D956CF /* CardGoldenTicketTests.swift */; };
		73049301642A0A1EBFFAC8CA /* TipJarStoreTests.swift in Sources */ = {isa = PBXBuildFile; fileRef = 48E24C6748D661CCE038C4F0 /* TipJarStoreTests.swift */; };
		75FC5EF6E991CBC99BD5DD9B /* SyncSettingsView.swift in Sources */ = {isa = PBXBuildFile; fileRef = 9C5FE8423C5C6D2A5FD1C033 /* SyncSettingsView.swift */; };
		77C47FCFD6828F64E05B55C9 /* BoardSyncProvider.swift in Sources */ = {isa = PBXBuildFile; fileRef = C88DE2CFAB1D67DA8824B424 /* BoardSyncProvider.swift */; };
		7B489206B8BFF570139BFC5E /* BoardEntity.swift in Sources */ = {isa = PBXBuildFile; fileRef = 81F6E147784B7158A6DF4A4D /* BoardEntity.swift */; };
		7DF7FBBAA6F37C21DABE7B52 /* LabelRepositoryTests.swift in Sources */ = {isa = PBXBuildFile; fileRef = 187191DF06C44E34E0554DE1 /* LabelRepositoryTests.swift */; };
		7E2A5B97A7C05FC5C74DAA07 /* LabelManagementView.swift in Sources */ = {isa = PBXBuildFile; fileRef = A323FD39A6012DC3E52CC2E3 /* LabelManagementView.swift */; };
		7F544F9BCF81BF33D0F84D8F /* MigrationModelLoading.swift in Sources */ = {isa = PBXBuildFile; fileRef = B65EC8BB09483649E6158D7F /* MigrationModelLoading.swift */; };
		81F6D537A1BE4A3C87ACE6F7 /* LabelRepository.swift in Sources */ = {isa = PBXBuildFile; fileRef = 9A78B1699150F1C5A72D387C /* LabelRepository.swift */; };
		83ADC5960C67897BC9D98929 /* OpenBoardIntent.swift in Sources */ = {isa = PBXBuildFile; fileRef = F5B2F6FD904F3307539762E8 /* OpenBoardIntent.swift */; };
		857344412226E98D29897FCA /* FizzyResponse.swift in Sources */ = {isa = PBXBuildFile; fileRef = C814FD4AE7DCBBA14E94FAA9 /* FizzyResponse.swift */; };
		85D310E387A4F93267DA63C6 /* CardDetailViewModelTests.swift in Sources */ = {isa = PBXBuildFile; fileRef = 0773EA35195C125F7BB6AB6B /* CardDetailViewModelTests.swift */; };
		865DDC3563DDB81E598CBC5B /* CardRepositoryTests.swift in Sources */ = {isa = PBXBuildFile; fileRef = 7BEA333BB150F388950BC01B /* CardRepositoryTests.swift */; };
		87F30DDEF6BA185E04CCE3A8 /* LabelManagementViewModel.swift in Sources */ = {isa = PBXBuildFile; fileRef = 146BF439A2D63D25EFFE7357 /* LabelManagementViewModel.swift */; };
		9284ACAFB9DBA9954A2DD9D2 /* CardDetailViewModel.swift in Sources */ = {isa = PBXBuildFile; fileRef = 2C88157336039C94037EF998 /* CardDetailViewModel.swift */; };
		93F967F7144D2103D799FD3C /* FenixKanbanShortcuts.swift in Sources */ = {isa = PBXBuildFile; fileRef = C8266DABF5BF6B426312B202 /* FenixKanbanShortcuts.swift */; };
		9493F64109A56D42E9AC52E8 /* CoreDataMigrationV7Tests.swift in Sources */ = {isa = PBXBuildFile; fileRef = 65E6825B6DA45FD22A2CC68C /* CoreDataMigrationV7Tests.swift */; };
		957D0C7287B2CAB192BC4E96 /* FizzyClientTests.swift in Sources */ = {isa = PBXBuildFile; fileRef = 821C842E496F5DE33DC42D4A /* FizzyClientTests.swift */; };
		97AA387F38B07EE3DC779639 /* FizzyClient+Comments.swift in Sources */ = {isa = PBXBuildFile; fileRef = 7DAD2ED2D2F5D199581543B6 /* FizzyClient+Comments.swift */; };
		98658EB79D1180F38108C352 /* BackupDocument.swift in Sources */ = {isa = PBXBuildFile; fileRef = 417CA11519C84AC01EEEE7B7 /* BackupDocument.swift */; };
		98A60AD902D5EF49A45FB91D /* FindGoldenCardsIntentTests.swift in Sources */ = {isa = PBXBuildFile; fileRef = 9814F76F5D1AB67F43B0B7CE /* FindGoldenCardsIntentTests.swift */; };
		9E1CD87EE9E3281D8E49A47D /* EmptyStateView.swift in Sources */ = {isa = PBXBuildFile; fileRef = 628233BE2FC64E86E8D2B332 /* EmptyStateView.swift */; };
		A00251C828BF492E7FA02027 /* PluginRegistry.swift in Sources */ = {isa = PBXBuildFile; fileRef = 311DF4986085B0CEA06EEAC9 /* PluginRegistry.swift */; };
		A30A97626FA931BBFCD62BA3 /* AppearanceModeTests.swift in Sources */ = {isa = PBXBuildFile; fileRef = 1FB394427B5B7CFF081C696F /* AppearanceModeTests.swift */; };
		A523853319B92FACCF46BFBF /* FizzySyncEngineBoardIsolationTests.swift in Sources */ = {isa = PBXBuildFile; fileRef = 51DE8D7DBCA451BE1FDADEB8 /* FizzySyncEngineBoardIsolationTests.swift */; };
		A75962D2AFEEB01E10CFDEAF /* TipJarProducts.storekit in Resources */ = {isa = PBXBuildFile; fileRef = B36134843F5683038443D750 /* TipJarProducts.storekit */; };
		A8BA33B4E95C7DC1B5BCB89F /* BackupManifest.swift in Sources */ = {isa = PBXBuildFile; fileRef = 36E8B6A25376C60961725E8B /* BackupManifest.swift */; };
		A94FB2127558BBF22138921D /* CoreDataMigrationV6Tests.swift in Sources */ = {isa = PBXBuildFile; fileRef = BA18A6DED6332B607DDA0C1E /* CoreDataMigrationV6Tests.swift */; };
		AC1E3E87B7CD67F0035D7505 /* FizzyClient.swift in Sources */ = {isa = PBXBuildFile; fileRef = FF14922C6549BC2260540129 /* FizzyClient.swift */; };
		ACDC1A0770CC952A0A5FD5F1 /* BoardRepository.swift in Sources */ = {isa = PBXBuildFile; fileRef = 1DAB6EF3F6C76AE6F9A55B9C /* BoardRepository.swift */; };
		AD4DAC969973666BD0A6DADC /* CoreDataMigrationV8Tests.swift in Sources */ = {isa = PBXBuildFile; fileRef = 9A81AFE70D5624FFC49D0D56 /* CoreDataMigrationV8Tests.swift */; };
		AE5022DDFA982D34C385844B /* FizzyAuthStateTests.swift in Sources */ = {isa = PBXBuildFile; fileRef = 0EB4EFAD01CE12778897E024 /* FizzyAuthStateTests.swift */; };
		AF2920C69E992CB4BEA0637C /* FizzyDTOTests.swift in Sources */ = {isa = PBXBuildFile; fileRef = E22CB144486430B2801DB56B /* FizzyDTOTests.swift */; };
		B708F58FB566F7D50425EA4D /* OpenCardIntentTests.swift in Sources */ = {isa = PBXBuildFile; fileRef = 8EC4B924D7DFBA06A00FC4F3 /* OpenCardIntentTests.swift */; };
		B93AABC8F465D0D71FB85737 /* BoardRowView.swift in Sources */ = {isa = PBXBuildFile; fileRef = AD1964FFB87532CE5ED41070 /* BoardRowView.swift */; };
		B9B5AC6F8033B72BB7BC089E /* FenixKanbanTests.swift in Sources */ = {isa = PBXBuildFile; fileRef = E468616D12A084C045616D44 /* FenixKanbanTests.swift */; };
		BC35EA5164556CC49C7F8172 /* CloudKitModelCompatibilityTests.swift in Sources */ = {isa = PBXBuildFile; fileRef = 046EA11DE8B20663921E3177 /* CloudKitModelCompatibilityTests.swift */; };
		BCD3E5F03E90F0C89E6CD52B /* FizzyErrorTests.swift in Sources */ = {isa = PBXBuildFile; fileRef = 90DA7FF40821224EB0A36F25 /* FizzyErrorTests.swift */; };
		BEBC8EDC41CD1929B34CA7A8 /* FizzyDTOs+CardActions.swift in Sources */ = {isa = PBXBuildFile; fileRef = 07DBC99D1D8C73344332292A /* FizzyDTOs+CardActions.swift */; };
		BF5FF5794901DDF9B4E808C8 /* KeychainHelperTests.swift in Sources */ = {isa = PBXBuildFile; fileRef = 78234911E102475108AE9455 /* KeychainHelperTests.swift */; };
		BFA7112B4AC02616859C2445 /* SyncMonitorTests.swift in Sources */ = {isa = PBXBuildFile; fileRef = 5F8BA67918984E11FD14D58F /* SyncMonitorTests.swift */; };
		C071193A6B7A63C7AC32817D /* FizzyError.swift in Sources */ = {isa = PBXBuildFile; fileRef = FABA181CFB55168EB577EAA1 /* FizzyError.swift */; };
		C2902035A969FF5D17E7BAA0 /* BoardQuery.swift in Sources */ = {isa = PBXBuildFile; fileRef = DF5619875D16CD1B3B74E215 /* BoardQuery.swift */; };
		C3476FFC4259355BF0F3555D /* SyncResultTests.swift in Sources */ = {isa = PBXBuildFile; fileRef = 09EACADBB67BFDA43E39C6E2 /* SyncResultTests.swift */; };
		C41A3DA3DA19E0BBB8B02D36 /* BoardListViewModel.swift in Sources */ = {isa = PBXBuildFile; fileRef = E96BEB60BF7AB875B2439D70 /* BoardListViewModel.swift */; };
		C4AA7AF76E843E21FD235E1C /* Column+CoreDataClass.swift in Sources */ = {isa = PBXBuildFile; fileRef = 9274B04A24B8E36F0D9804A1 /* Column+CoreDataClass.swift */; };
		C678410113CD945F4AD89AFC /* SettingsViewModel.swift in Sources */ = {isa = PBXBuildFile; fileRef = 8CE57AC031B96D8412DAB25F /* SettingsViewModel.swift */; };
		C7DC1F515DF0710E60B122EE /* BoardViewModel.swift in Sources */ = {isa = PBXBuildFile; fileRef = 8FCE9E085EA2F4036462C2BF /* BoardViewModel.swift */; };
		CB732A1614AF3916C0C2C058 /* NotificationSettingsViewModel.swift in Sources */ = {isa = PBXBuildFile; fileRef = E3A3D83F2F0820F87091E0A2 /* NotificationSettingsViewModel.swift */; };
		CBC3D3B8D2AC5334393585B0 /* FizzyAuthVerifyView.swift in Sources */ = {isa = PBXBuildFile; fileRef = 068A3D4E105877CD3E5E375D /* FizzyAuthVerifyView.swift */; };
		CE45552D3BF177D8FFDF02C7 /* TipJarView.swift in Sources */ = {isa = PBXBuildFile; fileRef = 91F0817152C485773F9923C6 /* TipJarView.swift */; };
		CFD2124A4025EA91037AD6BF /* BackupManifestTests.swift in Sources */ = {isa = PBXBuildFile; fileRef = CE8B5CCEE07FD18D668BA849 /* BackupManifestTests.swift */; };
		D093A3AA8DA1AD6DB8EB60CD /* NSManagedObject+Extensions.swift in Sources */ = {isa = PBXBuildFile; fileRef = E903B064D9CCA412BBA50256 /* NSManagedObject+Extensions.swift */; };
		D0B586E9137AE80BB7B0ACD9 /* ToggleGoldenIntent.swift in Sources */ = {isa = PBXBuildFile; fileRef = 86FBA9DD9858555EF014B034 /* ToggleGoldenIntent.swift */; };
		D5DE1AA12C428C158A806CE7 /* FontCrossPlatformTests.swift in Sources */ = {isa = PBXBuildFile; fileRef = 55C24E1E16D4DABFE2B4EDD2 /* FontCrossPlatformTests.swift */; };
		D6D9021F8F2C22915DB77D4C /* FizzySyncEngineTests.swift in Sources */ = {isa = PBXBuildFile; fileRef = 3EBBBBF705E70A9B9C8F880B /* FizzySyncEngineTests.swift */; };
		DB02B77935A13D58612547E9 /* Font+CrossPlatform.swift in Sources */ = {isa = PBXBuildFile; fileRef = 9E0882A3E6ADAC8A1E2A8608 /* Font+CrossPlatform.swift */; };
		DC7454E09D93F33B9F51A899 /* FizzySyncMapping.swift in Sources */ = {isa = PBXBuildFile; fileRef = 6E00D90944DED67CF753E517 /* FizzySyncMapping.swift */; };
		DC765919BB731CC54C2A813D /* SyncMonitor.swift in Sources */ = {isa = PBXBuildFile; fileRef = DE7572B48C962A3EB824956E /* SyncMonitor.swift */; };
		DCA918D48BE6C991C0F9B1A1 /* AppearanceMode.swift in Sources */ = {isa = PBXBuildFile; fileRef = 1EBFF9106BD25ACE189F9C34 /* AppearanceMode.swift */; };
		DCC089C049939BC2BAF04E49 /* PersistenceController.swift in Sources */ = {isa = PBXBuildFile; fileRef = E08CDD4A3A0F0F42D4CB63A1 /* PersistenceController.swift */; };
		DDAD4306A7EC34303A1EA66A /* LabelPickerView.swift in Sources */ = {isa = PBXBuildFile; fileRef = 705401ADCC82CB1481075EA4 /* LabelPickerView.swift */; };
		DEFA903A08A0D1F9DC624551 /* MockURLProtocol.swift in Sources */ = {isa = PBXBuildFile; fileRef = B696D2AF5C3863296D4DB139 /* MockURLProtocol.swift */; };
		E28CEDF04F9DC799CB8AA774 /* AssigneePickerView.swift in Sources */ = {isa = PBXBuildFile; fileRef = 7B1B9186731B8F85F0294268 /* AssigneePickerView.swift */; };
		E63AADE0F3925286DD626477 /* NewCardSheet.swift in Sources */ = {isa = PBXBuildFile; fileRef = 6F1EA2F5FA16B1A5E2A0BDF1 /* NewCardSheet.swift */; };
		E7142545CF6A399053654C8C /* FizzySyncEngine.swift in Sources */ = {isa = PBXBuildFile; fileRef = 263A4B64EBC1D39BF38D2CDC /* FizzySyncEngine.swift */; };
		E82ED2F491D07950CC7D9A4D /* FirstSyncMode.swift in Sources */ = {isa = PBXBuildFile; fileRef = A9C7E3DD35C16245540AD34D /* FirstSyncMode.swift */; };
		E8F4885003A7443637FADF62 /* FizzyAuthPairView.swift in Sources */ = {isa = PBXBuildFile; fileRef = 98505E6C18C3691F83519972 /* FizzyAuthPairView.swift */; };
		E9E42C62557AFB457356C145 /* FizzySyncProviderTests.swift in Sources */ = {isa = PBXBuildFile; fileRef = DE7390530D1BAF4F5AA79B68 /* FizzySyncProviderTests.swift */; };
		EB89C1364903EF0A7B4F90E5 /* TipJarStore.swift in Sources */ = {isa = PBXBuildFile; fileRef = 754AA8D2F4FF050550CD5DED /* TipJarStore.swift */; };
		EC7C05CF82696BA1D92235FC /* ToggleGoldenIntentTests.swift in Sources */ = {isa = PBXBuildFile; fileRef = 961DC5177F1B1026D80284E7 /* ToggleGoldenIntentTests.swift */; };
		EE5DD89C21B3F520B7C19CED /* InitialsAvatar.swift in Sources */ = {isa = PBXBuildFile; fileRef = 35A1AAE6F0C21DEB56C73DCA /* InitialsAvatar.swift */; };
		EFF022CD792DF26605523F37 /* NewColumnSheet.swift in Sources */ = {isa = PBXBuildFile; fileRef = 8311753D4E7179A377F3C7DD /* NewColumnSheet.swift */; };
		F0682EFFF93FCD29D58CA7CD /* AuthenticationService.swift in Sources */ = {isa = PBXBuildFile; fileRef = E7628BACE24DA03CDF86556D /* AuthenticationService.swift */; };
		F1CC3FEAFCE416CBBFE145EE /* FizzySyncEngineAdoptionResilienceTests.swift in Sources */ = {isa = PBXBuildFile; fileRef = DA08B935AE5F124F922B0769 /* FizzySyncEngineAdoptionResilienceTests.swift */; };
		F1D35060BF2A659F14333EAD /* BackupSettingsView.swift in Sources */ = {isa = PBXBuildFile; fileRef = FDC0555AA6318151E788C7B4 /* BackupSettingsView.swift */; };
		F3F29322F81DCB43E8A4B25A /* TombstoneEntitiesTests.swift in Sources */ = {isa = PBXBuildFile; fileRef = 97CBC36EEDDDB591544788B6 /* TombstoneEntitiesTests.swift */; };
		F6F8F0977B16D421E5AC1978 /* DueDateBadge.swift in Sources */ = {isa = PBXBuildFile; fileRef = 4C17518B1F3DAB1848DD2356 /* DueDateBadge.swift */; };
		F8CFCB9761DFDE1E3B27990B /* FizzySyncProvider.swift in Sources */ = {isa = PBXBuildFile; fileRef = 701FB76BF91002475A8F7180 /* FizzySyncProvider.swift */; };
		FBE1E15BE388FCB6CC58D7FF /* BackupExporter.swift in Sources */ = {isa = PBXBuildFile; fileRef = 0838D934889E230674EF4DE4 /* BackupExporter.swift */; };
		FBEE679BCF1A845D4AD3521B /* FizzyDTOs+Directory.swift in Sources */ = {isa = PBXBuildFile; fileRef = 25D477B9EB12FF832B4E19D6 /* FizzyDTOs+Directory.swift */; };
		FD233A5D322CB0F5C5C6526F /* AuthViewModel.swift in Sources */ = {isa = PBXBuildFile; fileRef = F640DD5BBAFE1620B8DF9C57 /* AuthViewModel.swift */; };
		FD67D2436B58C8ECCB4073AB /* FizzyClientCommentsTests.swift in Sources */ = {isa = PBXBuildFile; fileRef = 9C48C9144B3593287090B842 /* FizzyClientCommentsTests.swift */; };
		FDE100082D4EC59095D416DD /* BoardListViewModelTests.swift in Sources */ = {isa = PBXBuildFile; fileRef = 242CA846949A90DC9B41F766 /* BoardListViewModelTests.swift */; };
/* End PBXBuildFile section */

/* Begin PBXContainerItemProxy section */
		8BCCB11DF2158D802A5BFC16 /* PBXContainerItemProxy */ = {
			isa = PBXContainerItemProxy;
			containerPortal = FA3C663B872EBD2B6D95718D /* Project object */;
			proxyType = 1;
			remoteGlobalIDString = 29B0805C04158CE223599CD4;
			remoteInfo = FenixKanban;
		};
/* End PBXContainerItemProxy section */

/* Begin PBXFileReference section */
		00732E1A5C4D4B8020209330 /* CardTombstone+CoreDataClass.swift */ = {isa = PBXFileReference; lastKnownFileType = sourcecode.swift; path = "CardTombstone+CoreDataClass.swift"; sourceTree = "<group>"; };
		046EA11DE8B20663921E3177 /* CloudKitModelCompatibilityTests.swift */ = {isa = PBXFileReference; lastKnownFileType = sourcecode.swift; path = CloudKitModelCompatibilityTests.swift; sourceTree = "<group>"; };
		068A3D4E105877CD3E5E375D /* FizzyAuthVerifyView.swift */ = {isa = PBXFileReference; lastKnownFileType = sourcecode.swift; path = FizzyAuthVerifyView.swift; sourceTree = "<group>"; };
		0773EA35195C125F7BB6AB6B /* CardDetailViewModelTests.swift */ = {isa = PBXFileReference; lastKnownFileType = sourcecode.swift; path = CardDetailViewModelTests.swift; sourceTree = "<group>"; };
		07DBC99D1D8C73344332292A /* FizzyDTOs+CardActions.swift */ = {isa = PBXFileReference; lastKnownFileType = sourcecode.swift; path = "FizzyDTOs+CardActions.swift"; sourceTree = "<group>"; };
		0838D934889E230674EF4DE4 /* BackupExporter.swift */ = {isa = PBXFileReference; lastKnownFileType = sourcecode.swift; path = BackupExporter.swift; sourceTree = "<group>"; };
		0906AE18DFC56CF8C029EE3E /* BoardRepositoryTests.swift */ = {isa = PBXFileReference; lastKnownFileType = sourcecode.swift; path = BoardRepositoryTests.swift; sourceTree = "<group>"; };
		09EACADBB67BFDA43E39C6E2 /* SyncResultTests.swift */ = {isa = PBXFileReference; lastKnownFileType = sourcecode.swift; path = SyncResultTests.swift; sourceTree = "<group>"; };
		0BDB1F0B68F0499ABCF92B6D /* FizzyAuthState.swift */ = {isa = PBXFileReference; lastKnownFileType = sourcecode.swift; path = FizzyAuthState.swift; sourceTree = "<group>"; };
		0BFC2630360516F47B333AA9 /* FenixKanban 3.xcdatamodel */ = {isa = PBXFileReference; lastKnownFileType = wrapper.xcdatamodel; path = "FenixKanban 3.xcdatamodel"; sourceTree = "<group>"; };
		0E2D11BAE72815F0D7F274CD /* AuthView.swift */ = {isa = PBXFileReference; lastKnownFileType = sourcecode.swift; path = AuthView.swift; sourceTree = "<group>"; };
		0EB4EFAD01CE12778897E024 /* FizzyAuthStateTests.swift */ = {isa = PBXFileReference; lastKnownFileType = sourcecode.swift; path = FizzyAuthStateTests.swift; sourceTree = "<group>"; };
		139288734275D3EB49C0F400 /* FizzyAuthView.swift */ = {isa = PBXFileReference; lastKnownFileType = sourcecode.swift; path = FizzyAuthView.swift; sourceTree = "<group>"; };
		146BF439A2D63D25EFFE7357 /* LabelManagementViewModel.swift */ = {isa = PBXFileReference; lastKnownFileType = sourcecode.swift; path = LabelManagementViewModel.swift; sourceTree = "<group>"; };
		187191DF06C44E34E0554DE1 /* LabelRepositoryTests.swift */ = {isa = PBXFileReference; lastKnownFileType = sourcecode.swift; path = LabelRepositoryTests.swift; sourceTree = "<group>"; };
		1AC67CF978FD710B34B6FC3E /* FenixKanban 2.xcdatamodel */ = {isa = PBXFileReference; lastKnownFileType = wrapper.xcdatamodel; path = "FenixKanban 2.xcdatamodel"; sourceTree = "<group>"; };
		1DAB6EF3F6C76AE6F9A55B9C /* BoardRepository.swift */ = {isa = PBXFileReference; lastKnownFileType = sourcecode.swift; path = BoardRepository.swift; sourceTree = "<group>"; };
		1E738ED3A6BBDD9FDA17CE8D /* FizzyClient+Boards.swift */ = {isa = PBXFileReference; lastKnownFileType = sourcecode.swift; path = "FizzyClient+Boards.swift"; sourceTree = "<group>"; };
		1EBFF9106BD25ACE189F9C34 /* AppearanceMode.swift */ = {isa = PBXFileReference; lastKnownFileType = sourcecode.swift; path = AppearanceMode.swift; sourceTree = "<group>"; };
		1FB394427B5B7CFF081C696F /* AppearanceModeTests.swift */ = {isa = PBXFileReference; lastKnownFileType = sourcecode.swift; path = AppearanceModeTests.swift; sourceTree = "<group>"; };
		2253B2841E2AA6BE67DDC30B /* CardDetailView.swift */ = {isa = PBXFileReference; lastKnownFileType = sourcecode.swift; path = CardDetailView.swift; sourceTree = "<group>"; };
		236DA19A55EE9EA81DE3FE89 /* FizzyBoardMapping.swift */ = {isa = PBXFileReference; lastKnownFileType = sourcecode.swift; path = FizzyBoardMapping.swift; sourceTree = "<group>"; };
		242CA846949A90DC9B41F766 /* BoardListViewModelTests.swift */ = {isa = PBXFileReference; lastKnownFileType = sourcecode.swift; path = BoardListViewModelTests.swift; sourceTree = "<group>"; };
		25D477B9EB12FF832B4E19D6 /* FizzyDTOs+Directory.swift */ = {isa = PBXFileReference; lastKnownFileType = sourcecode.swift; path = "FizzyDTOs+Directory.swift"; sourceTree = "<group>"; };
		263A4B64EBC1D39BF38D2CDC /* FizzySyncEngine.swift */ = {isa = PBXFileReference; lastKnownFileType = sourcecode.swift; path = FizzySyncEngine.swift; sourceTree = "<group>"; };
		27A14F077027BF8262193AEE /* LabelBadge.swift */ = {isa = PBXFileReference; lastKnownFileType = sourcecode.swift; path = LabelBadge.swift; sourceTree = "<group>"; };
		2AB088C5A75FE888B531310C /* CardStepsViewModel.swift */ = {isa = PBXFileReference; lastKnownFileType = sourcecode.swift; path = CardStepsViewModel.swift; sourceTree = "<group>"; };
		2C88157336039C94037EF998 /* CardDetailViewModel.swift */ = {isa = PBXFileReference; lastKnownFileType = sourcecode.swift; path = CardDetailViewModel.swift; sourceTree = "<group>"; };
		2F1791B47F1ED656029C1A08 /* FenixKanbanTests.xctest */ = {isa = PBXFileReference; includeInIndex = 0; lastKnownFileType = wrapper.cfbundle; path = FenixKanbanTests.xctest; sourceTree = BUILT_PRODUCTS_DIR; };
		3111A5D05410056866896FCB /* BoardViewModelGoldenTests.swift */ = {isa = PBXFileReference; lastKnownFileType = sourcecode.swift; path = BoardViewModelGoldenTests.swift; sourceTree = "<group>"; };
		311DF4986085B0CEA06EEAC9 /* PluginRegistry.swift */ = {isa = PBXFileReference; lastKnownFileType = sourcecode.swift; path = PluginRegistry.swift; sourceTree = "<group>"; };
		35A1AAE6F0C21DEB56C73DCA /* InitialsAvatar.swift */ = {isa = PBXFileReference; lastKnownFileType = sourcecode.swift; path = InitialsAvatar.swift; sourceTree = "<group>"; };
		36E8B6A25376C60961725E8B /* BackupManifest.swift */ = {isa = PBXFileReference; lastKnownFileType = sourcecode.swift; path = BackupManifest.swift; sourceTree = "<group>"; };
		38A57D39B2CCA5985144EF4A /* FizzyClientBoardsTests.swift */ = {isa = PBXFileReference; lastKnownFileType = sourcecode.swift; path = FizzyClientBoardsTests.swift; sourceTree = "<group>"; };
		3B3B18529BA56A0A6AB29ED9 /* FenixKanban.app */ = {isa = PBXFileReference; includeInIndex = 0; lastKnownFileType = wrapper.application; path = FenixKanban.app; sourceTree = BUILT_PRODUCTS_DIR; };
		3BAF9D30411BBA68C9901CBC /* Color+CrossPlatform.swift */ = {isa = PBXFileReference; lastKnownFileType = sourcecode.swift; path = "Color+CrossPlatform.swift"; sourceTree = "<group>"; };
		3EBBBBF705E70A9B9C8F880B /* FizzySyncEngineTests.swift */ = {isa = PBXFileReference; lastKnownFileType = sourcecode.swift; path = FizzySyncEngineTests.swift; sourceTree = "<group>"; };
		411F394EE3281672E6FE03F0 /* OpenCardIntent.swift */ = {isa = PBXFileReference; lastKnownFileType = sourcecode.swift; path = OpenCardIntent.swift; sourceTree = "<group>"; };
		417CA11519C84AC01EEEE7B7 /* BackupDocument.swift */ = {isa = PBXFileReference; lastKnownFileType = sourcecode.swift; path = BackupDocument.swift; sourceTree = "<group>"; };
		4320EF6E55D4289D8090AF3A /* CardFizzyAttributesTests.swift */ = {isa = PBXFileReference; lastKnownFileType = sourcecode.swift; path = CardFizzyAttributesTests.swift; sourceTree = "<group>"; };
		4352F68CBFA8610EEC9EE57A /* AuthenticationServiceTests.swift */ = {isa = PBXFileReference; lastKnownFileType = sourcecode.swift; path = AuthenticationServiceTests.swift; sourceTree = "<group>"; };
		4655A9176AC7C9288D8920FE /* SettingsView.swift */ = {isa = PBXFileReference; lastKnownFileType = sourcecode.swift; path = SettingsView.swift; sourceTree = "<group>"; };
		47370391180279CF8506A463 /* FenixKanban 6.xcdatamodel */ = {isa = PBXFileReference; lastKnownFileType = wrapper.xcdatamodel; path = "FenixKanban 6.xcdatamodel"; sourceTree = "<group>"; };
		48E24C6748D661CCE038C4F0 /* TipJarStoreTests.swift */ = {isa = PBXFileReference; lastKnownFileType = sourcecode.swift; path = TipJarStoreTests.swift; sourceTree = "<group>"; };
		4C17518B1F3DAB1848DD2356 /* DueDateBadge.swift */ = {isa = PBXFileReference; lastKnownFileType = sourcecode.swift; path = DueDateBadge.swift; sourceTree = "<group>"; };
		4E8E42CB99AC86B2F3EE7E8F /* BoardEntityTests.swift */ = {isa = PBXFileReference; lastKnownFileType = sourcecode.swift; path = BoardEntityTests.swift; sourceTree = "<group>"; };
		4EDF50E7292C3DD2CAB259B0 /* Info-Partial.plist */ = {isa = PBXFileReference; lastKnownFileType = text.plist; path = "Info-Partial.plist"; sourceTree = "<group>"; };
		51DE8D7DBCA451BE1FDADEB8 /* FizzySyncEngineBoardIsolationTests.swift */ = {isa = PBXFileReference; lastKnownFileType = sourcecode.swift; path = FizzySyncEngineBoardIsolationTests.swift; sourceTree = "<group>"; };
		55C24E1E16D4DABFE2B4EDD2 /* FontCrossPlatformTests.swift */ = {isa = PBXFileReference; lastKnownFileType = sourcecode.swift; path = FontCrossPlatformTests.swift; sourceTree = "<group>"; };
		56BA5DC73054F09A324E9B58 /* FizzyClientCardActionsTests.swift */ = {isa = PBXFileReference; lastKnownFileType = sourcecode.swift; path = FizzyClientCardActionsTests.swift; sourceTree = "<group>"; };
		58682DDB41C2C955C5ABD519 /* CardRepositoryGoldenSortTests.swift */ = {isa = PBXFileReference; lastKnownFileType = sourcecode.swift; path = CardRepositoryGoldenSortTests.swift; sourceTree = "<group>"; };
		5909D4678DDACA354C6FDC36 /* Board+CoreDataClass.swift */ = {isa = PBXFileReference; lastKnownFileType = sourcecode.swift; path = "Board+CoreDataClass.swift"; sourceTree = "<group>"; };
		59AFEEB67FB4B51FF48A4588 /* CardStepsSection.swift */ = {isa = PBXFileReference; lastKnownFileType = sourcecode.swift; path = CardStepsSection.swift; sourceTree = "<group>"; };
		5DCF09CEDCB117837C6930E7 /* FizzyDTOs+Comments.swift */ = {isa = PBXFileReference; lastKnownFileType = sourcecode.swift; path = "FizzyDTOs+Comments.swift"; sourceTree = "<group>"; };
		5E3E553C08C4D58EB070A17A /* FenixKanban 4.xcdatamodel */ = {isa = PBXFileReference; lastKnownFileType = wrapper.xcdatamodel; path = "FenixKanban 4.xcdatamodel"; sourceTree = "<group>"; };
		5F8BA67918984E11FD14D58F /* SyncMonitorTests.swift */ = {isa = PBXFileReference; lastKnownFileType = sourcecode.swift; path = SyncMonitorTests.swift; sourceTree = "<group>"; };
		628233BE2FC64E86E8D2B332 /* EmptyStateView.swift */ = {isa = PBXFileReference; lastKnownFileType = sourcecode.swift; path = EmptyStateView.swift; sourceTree = "<group>"; };
		65E6825B6DA45FD22A2CC68C /* CoreDataMigrationV7Tests.swift */ = {isa = PBXFileReference; lastKnownFileType = sourcecode.swift; path = CoreDataMigrationV7Tests.swift; sourceTree = "<group>"; };
		6E00D90944DED67CF753E517 /* FizzySyncMapping.swift */ = {isa = PBXFileReference; lastKnownFileType = sourcecode.swift; path = FizzySyncMapping.swift; sourceTree = "<group>"; };
		6F1EA2F5FA16B1A5E2A0BDF1 /* NewCardSheet.swift */ = {isa = PBXFileReference; lastKnownFileType = sourcecode.swift; path = NewCardSheet.swift; sourceTree = "<group>"; };
		701FB76BF91002475A8F7180 /* FizzySyncProvider.swift */ = {isa = PBXFileReference; lastKnownFileType = sourcecode.swift; path = FizzySyncProvider.swift; sourceTree = "<group>"; };
		705401ADCC82CB1481075EA4 /* LabelPickerView.swift */ = {isa = PBXFileReference; lastKnownFileType = sourcecode.swift; path = LabelPickerView.swift; sourceTree = "<group>"; };
		72EAF4548651CF03FA7CA77D /* GoldZoneChip.swift */ = {isa = PBXFileReference; lastKnownFileType = sourcecode.swift; path = GoldZoneChip.swift; sourceTree = "<group>"; };
		754AA8D2F4FF050550CD5DED /* TipJarStore.swift */ = {isa = PBXFileReference; lastKnownFileType = sourcecode.swift; path = TipJarStore.swift; sourceTree = "<group>"; };
		78234911E102475108AE9455 /* KeychainHelperTests.swift */ = {isa = PBXFileReference; lastKnownFileType = sourcecode.swift; path = KeychainHelperTests.swift; sourceTree = "<group>"; };
		78AC2296425D56EBD2D865F6 /* NotificationServiceTests.swift */ = {isa = PBXFileReference; lastKnownFileType = sourcecode.swift; path = NotificationServiceTests.swift; sourceTree = "<group>"; };
		7B1B9186731B8F85F0294268 /* AssigneePickerView.swift */ = {isa = PBXFileReference; lastKnownFileType = sourcecode.swift; path = AssigneePickerView.swift; sourceTree = "<group>"; };
		7BEA333BB150F388950BC01B /* CardRepositoryTests.swift */ = {isa = PBXFileReference; lastKnownFileType = sourcecode.swift; path = CardRepositoryTests.swift; sourceTree = "<group>"; };
		7DAD2ED2D2F5D199581543B6 /* FizzyClient+Comments.swift */ = {isa = PBXFileReference; lastKnownFileType = sourcecode.swift; path = "FizzyClient+Comments.swift"; sourceTree = "<group>"; };
		80B2297E0A59161848CA6210 /* FenixKanban 5.xcdatamodel */ = {isa = PBXFileReference; lastKnownFileType = wrapper.xcdatamodel; path = "FenixKanban 5.xcdatamodel"; sourceTree = "<group>"; };
		81D940AFA2D7BAA47055968F /* FizzyClient+Directory.swift */ = {isa = PBXFileReference; lastKnownFileType = sourcecode.swift; path = "FizzyClient+Directory.swift"; sourceTree = "<group>"; };
		81F6E147784B7158A6DF4A4D /* BoardEntity.swift */ = {isa = PBXFileReference; lastKnownFileType = sourcecode.swift; path = BoardEntity.swift; sourceTree = "<group>"; };
		821C842E496F5DE33DC42D4A /* FizzyClientTests.swift */ = {isa = PBXFileReference; lastKnownFileType = sourcecode.swift; path = FizzyClientTests.swift; sourceTree = "<group>"; };
		824D0B1348180DDDB6480B5D /* FizzyAuthStatusView.swift */ = {isa = PBXFileReference; lastKnownFileType = sourcecode.swift; path = FizzyAuthStatusView.swift; sourceTree = "<group>"; };
		8311753D4E7179A377F3C7DD /* NewColumnSheet.swift */ = {isa = PBXFileReference; lastKnownFileType = sourcecode.swift; path = NewColumnSheet.swift; sourceTree = "<group>"; };
		85494C22E08296B97AE0FA5C /* FenixKanbanApp.swift */ = {isa = PBXFileReference; lastKnownFileType = sourcecode.swift; path = FenixKanbanApp.swift; sourceTree = "<group>"; };
		86315EDE59D44548FA6B0B57 /* FenixKanban.xcdatamodel */ = {isa = PBXFileReference; lastKnownFileType = wrapper.xcdatamodel; path = FenixKanban.xcdatamodel; sourceTree = "<group>"; };
		86F7D77B94002FF0AFD97874 /* ColumnTombstone+CoreDataClass.swift */ = {isa = PBXFileReference; lastKnownFileType = sourcecode.swift; path = "ColumnTombstone+CoreDataClass.swift"; sourceTree = "<group>"; };
		86FBA9DD9858555EF014B034 /* ToggleGoldenIntent.swift */ = {isa = PBXFileReference; lastKnownFileType = sourcecode.swift; path = ToggleGoldenIntent.swift; sourceTree = "<group>"; };
		8866EFD2141D3C4A5D9723F1 /* Card+CoreDataClass.swift */ = {isa = PBXFileReference; lastKnownFileType = sourcecode.swift; path = "Card+CoreDataClass.swift"; sourceTree = "<group>"; };
		8A25B0D029F52671883DC255 /* FizzyDTOs.swift */ = {isa = PBXFileReference; lastKnownFileType = sourcecode.swift; path = FizzyDTOs.swift; sourceTree = "<group>"; };
		8BBA8E6B155CEA2FD11BA076 /* Date+Relative.swift */ = {isa = PBXFileReference; lastKnownFileType = sourcecode.swift; path = "Date+Relative.swift"; sourceTree = "<group>"; };
		8CE57AC031B96D8412DAB25F /* SettingsViewModel.swift */ = {isa = PBXFileReference; lastKnownFileType = sourcecode.swift; path = SettingsViewModel.swift; sourceTree = "<group>"; };
		8EC4B924D7DFBA06A00FC4F3 /* OpenCardIntentTests.swift */ = {isa = PBXFileReference; lastKnownFileType = sourcecode.swift; path = OpenCardIntentTests.swift; sourceTree = "<group>"; };
		8F3DBD8353B993911279540C /* FenixKanban.entitlements */ = {isa = PBXFileReference; lastKnownFileType = text.plist.entitlements; path = FenixKanban.entitlements; sourceTree = "<group>"; };
		8F61A847D1870E4D02FFCCEA /* FizzyBoardMappingTests.swift */ = {isa = PBXFileReference; lastKnownFileType = sourcecode.swift; path = FizzyBoardMappingTests.swift; sourceTree = "<group>"; };
		8FCE9E085EA2F4036462C2BF /* BoardViewModel.swift */ = {isa = PBXFileReference; lastKnownFileType = sourcecode.swift; path = BoardViewModel.swift; sourceTree = "<group>"; };
		90DA7FF40821224EB0A36F25 /* FizzyErrorTests.swift */ = {isa = PBXFileReference; lastKnownFileType = sourcecode.swift; path = FizzyErrorTests.swift; sourceTree = "<group>"; };
		91F0817152C485773F9923C6 /* TipJarView.swift */ = {isa = PBXFileReference; lastKnownFileType = sourcecode.swift; path = TipJarView.swift; sourceTree = "<group>"; };
		9274B04A24B8E36F0D9804A1 /* Column+CoreDataClass.swift */ = {isa = PBXFileReference; lastKnownFileType = sourcecode.swift; path = "Column+CoreDataClass.swift"; sourceTree = "<group>"; };
		9408D41208AD8931538011B8 /* LabelEditorSheet.swift */ = {isa = PBXFileReference; lastKnownFileType = sourcecode.swift; path = LabelEditorSheet.swift; sourceTree = "<group>"; };
		961DC5177F1B1026D80284E7 /* ToggleGoldenIntentTests.swift */ = {isa = PBXFileReference; lastKnownFileType = sourcecode.swift; path = ToggleGoldenIntentTests.swift; sourceTree = "<group>"; };
		97CBC36EEDDDB591544788B6 /* TombstoneEntitiesTests.swift */ = {isa = PBXFileReference; lastKnownFileType = sourcecode.swift; path = TombstoneEntitiesTests.swift; sourceTree = "<group>"; };
		9814F76F5D1AB67F43B0B7CE /* FindGoldenCardsIntentTests.swift */ = {isa = PBXFileReference; lastKnownFileType = sourcecode.swift; path = FindGoldenCardsIntentTests.swift; sourceTree = "<group>"; };
		98505E6C18C3691F83519972 /* FizzyAuthPairView.swift */ = {isa = PBXFileReference; lastKnownFileType = sourcecode.swift; path = FizzyAuthPairView.swift; sourceTree = "<group>"; };
		99D93FD1E573B49C12DC2C27 /* Development.xcconfig */ = {isa = PBXFileReference; lastKnownFileType = text.xcconfig; path = Development.xcconfig; sourceTree = "<group>"; };
		9A78B1699150F1C5A72D387C /* LabelRepository.swift */ = {isa = PBXFileReference; lastKnownFileType = sourcecode.swift; path = LabelRepository.swift; sourceTree = "<group>"; };
		9A81AFE70D5624FFC49D0D56 /* CoreDataMigrationV8Tests.swift */ = {isa = PBXFileReference; lastKnownFileType = sourcecode.swift; path = CoreDataMigrationV8Tests.swift; sourceTree = "<group>"; };
		9C48C9144B3593287090B842 /* FizzyClientCommentsTests.swift */ = {isa = PBXFileReference; lastKnownFileType = sourcecode.swift; path = FizzyClientCommentsTests.swift; sourceTree = "<group>"; };
		9C5FE8423C5C6D2A5FD1C033 /* SyncSettingsView.swift */ = {isa = PBXFileReference; lastKnownFileType = sourcecode.swift; path = SyncSettingsView.swift; sourceTree = "<group>"; };
		9D4887005A9D6F6667E16776 /* FenixKanban 7.xcdatamodel */ = {isa = PBXFileReference; lastKnownFileType = wrapper.xcdatamodel; path = "FenixKanban 7.xcdatamodel"; sourceTree = "<group>"; };
		9E0882A3E6ADAC8A1E2A8608 /* Font+CrossPlatform.swift */ = {isa = PBXFileReference; lastKnownFileType = sourcecode.swift; path = "Font+CrossPlatform.swift"; sourceTree = "<group>"; };
		9E20A59A4E9DDCD06081E6A7 /* CardView.swift */ = {isa = PBXFileReference; lastKnownFileType = sourcecode.swift; path = CardView.swift; sourceTree = "<group>"; };
		A1E87D54C1B073A40441ED37 /* NavigationModelTests.swift */ = {isa = PBXFileReference; lastKnownFileType = sourcecode.swift; path = NavigationModelTests.swift; sourceTree = "<group>"; };
		A323FD39A6012DC3E52CC2E3 /* LabelManagementView.swift */ = {isa = PBXFileReference; lastKnownFileType = sourcecode.swift; path = LabelManagementView.swift; sourceTree = "<group>"; };
		A472D8FA16F1EB9A071E6E64 /* FizzyClientDirectoryTests.swift */ = {isa = PBXFileReference; lastKnownFileType = sourcecode.swift; path = FizzyClientDirectoryTests.swift; sourceTree = "<group>"; };
		A61AF1066F57E5404E2BF366 /* BoardViewModelLifecycleTests.swift */ = {isa = PBXFileReference; lastKnownFileType = sourcecode.swift; path = BoardViewModelLifecycleTests.swift; sourceTree = "<group>"; };
		A9C7E3DD35C16245540AD34D /* FirstSyncMode.swift */ = {isa = PBXFileReference; lastKnownFileType = sourcecode.swift; path = FirstSyncMode.swift; sourceTree = "<group>"; };
		AD1964FFB87532CE5ED41070 /* BoardRowView.swift */ = {isa = PBXFileReference; lastKnownFileType = sourcecode.swift; path = BoardRowView.swift; sourceTree = "<group>"; };
		B2BB675BD426DD316D476C37 /* BoardView.swift */ = {isa = PBXFileReference; lastKnownFileType = sourcecode.swift; path = BoardView.swift; sourceTree = "<group>"; };
		B36134843F5683038443D750 /* TipJarProducts.storekit */ = {isa = PBXFileReference; path = TipJarProducts.storekit; sourceTree = "<group>"; };
		B4F592F755DD0739220B0604 /* CardQuery.swift */ = {isa = PBXFileReference; lastKnownFileType = sourcecode.swift; path = CardQuery.swift; sourceTree = "<group>"; };
		B562A4DF02514E22BF2BDC35 /* Label+CoreDataClass.swift */ = {isa = PBXFileReference; lastKnownFileType = sourcecode.swift; path = "Label+CoreDataClass.swift"; sourceTree = "<group>"; };
		B641E69411C4F09DB4A6E2DD /* BoardListView.swift */ = {isa = PBXFileReference; lastKnownFileType = sourcecode.swift; path = BoardListView.swift; sourceTree = "<group>"; };
		B65EC8BB09483649E6158D7F /* MigrationModelLoading.swift */ = {isa = PBXFileReference; lastKnownFileType = sourcecode.swift; path = MigrationModelLoading.swift; sourceTree = "<group>"; };
		B696D2AF5C3863296D4DB139 /* MockURLProtocol.swift */ = {isa = PBXFileReference; lastKnownFileType = sourcecode.swift; path = MockURLProtocol.swift; sourceTree = "<group>"; };
		B7B208793EC15D6679B2543D /* FenixKanban 8.xcdatamodel */ = {isa = PBXFileReference; lastKnownFileType = wrapper.xcdatamodel; path = "FenixKanban 8.xcdatamodel"; sourceTree = "<group>"; };
		BA18A6DED6332B607DDA0C1E /* CoreDataMigrationV6Tests.swift */ = {isa = PBXFileReference; lastKnownFileType = sourcecode.swift; path = CoreDataMigrationV6Tests.swift; sourceTree = "<group>"; };
		BBD6409104882DAF7C55FF7D /* PreviewPersistence.swift */ = {isa = PBXFileReference; lastKnownFileType = sourcecode.swift; path = PreviewPersistence.swift; sourceTree = "<group>"; };
		C5675C125FA0A0508D8E6A50 /* LaunchScreen.storyboard */ = {isa = PBXFileReference; lastKnownFileType = file.storyboard; path = LaunchScreen.storyboard; sourceTree = "<group>"; };
		C814FD4AE7DCBBA14E94FAA9 /* FizzyResponse.swift */ = {isa = PBXFileReference; lastKnownFileType = sourcecode.swift; path = FizzyResponse.swift; sourceTree = "<group>"; };
		C8266DABF5BF6B426312B202 /* FenixKanbanShortcuts.swift */ = {isa = PBXFileReference; lastKnownFileType = sourcecode.swift; path = FenixKanbanShortcuts.swift; sourceTree = "<group>"; };
		C88DE2CFAB1D67DA8824B424 /* BoardSyncProvider.swift */ = {isa = PBXFileReference; lastKnownFileType = sourcecode.swift; path = BoardSyncProvider.swift; sourceTree = "<group>"; };
		C9D9F931CC1F616741916216 /* Assets.xcassets */ = {isa = PBXFileReference; lastKnownFileType = folder.assetcatalog; path = Assets.xcassets; sourceTree = "<group>"; };
		CACAAF5DC4AC402C5BBD81E2 /* CardRepository.swift */ = {isa = PBXFileReference; lastKnownFileType = sourcecode.swift; path = CardRepository.swift; sourceTree = "<group>"; };
		CB0799150A86FC83B5B880B0 /* FizzyClient+CardActions.swift */ = {isa = PBXFileReference; lastKnownFileType = sourcecode.swift; path = "FizzyClient+CardActions.swift"; sourceTree = "<group>"; };
		CCED96777A4573DFBA0FF0AA /* SyncResult.swift */ = {isa = PBXFileReference; lastKnownFileType = sourcecode.swift; path = SyncResult.swift; sourceTree = "<group>"; };
		CD208E7FEC3CDAB1ACD3238E /* FindGoldenCardsIntent.swift */ = {isa = PBXFileReference; lastKnownFileType = sourcecode.swift; path = FindGoldenCardsIntent.swift; sourceTree = "<group>"; };
		CDA0031C50989F69B37D43EE /* FizzyDTOs+Boards.swift */ = {isa = PBXFileReference; lastKnownFileType = sourcecode.swift; path = "FizzyDTOs+Boards.swift"; sourceTree = "<group>"; };
		CE8B5CCEE07FD18D668BA849 /* BackupManifestTests.swift */ = {isa = PBXFileReference; lastKnownFileType = sourcecode.swift; path = BackupManifestTests.swift; sourceTree = "<group>"; };
		D05B5FFB9A7288FA077C6870 /* ColumnView.swift */ = {isa = PBXFileReference; lastKnownFileType = sourcecode.swift; path = ColumnView.swift; sourceTree = "<group>"; };
		D10A143D4EF691E4A0436C89 /* NotificationService.swift */ = {isa = PBXFileReference; lastKnownFileType = sourcecode.swift; path = NotificationService.swift; sourceTree = "<group>"; };
		D1C257D017738FEE517DB1CA /* SyncStatusIndicator.swift */ = {isa = PBXFileReference; lastKnownFileType = sourcecode.swift; path = SyncStatusIndicator.swift; sourceTree = "<group>"; };
		D26870A7B74A1F2FDA417A7D /* FizzySyncMappingTests.swift */ = {isa = PBXFileReference; lastKnownFileType = sourcecode.swift; path = FizzySyncMappingTests.swift; sourceTree = "<group>"; };
		D613029DDB577CD954C47EEC /* FirstSyncModeTests.swift */ = {isa = PBXFileReference; lastKnownFileType = sourcecode.swift; path = FirstSyncModeTests.swift; sourceTree = "<group>"; };
		D9864DD5AE3F9D3B1B6B2348 /* NavigationModel.swift */ = {isa = PBXFileReference; lastKnownFileType = sourcecode.swift; path = NavigationModel.swift; sourceTree = "<group>"; };
		DA08B935AE5F124F922B0769 /* FizzySyncEngineAdoptionResilienceTests.swift */ = {isa = PBXFileReference; lastKnownFileType = sourcecode.swift; path = FizzySyncEngineAdoptionResilienceTests.swift; sourceTree = "<group>"; };
		DA5CC12ADA6D06949A786EDC /* CardAssignee.swift */ = {isa = PBXFileReference; lastKnownFileType = sourcecode.swift; path = CardAssignee.swift; sourceTree = "<group>"; };
		DB041FBA0AE74AA75078C039 /* BoardViewModelTests.swift */ = {isa = PBXFileReference; lastKnownFileType = sourcecode.swift; path = BoardViewModelTests.swift; sourceTree = "<group>"; };
		DD77820B4EE492CF7AE25085 /* ColorCrossPlatformTests.swift */ = {isa = PBXFileReference; lastKnownFileType = sourcecode.swift; path = ColorCrossPlatformTests.swift; sourceTree = "<group>"; };
		DE7390530D1BAF4F5AA79B68 /* FizzySyncProviderTests.swift */ = {isa = PBXFileReference; lastKnownFileType = sourcecode.swift; path = FizzySyncProviderTests.swift; sourceTree = "<group>"; };
		DE7572B48C962A3EB824956E /* SyncMonitor.swift */ = {isa = PBXFileReference; lastKnownFileType = sourcecode.swift; path = SyncMonitor.swift; sourceTree = "<group>"; };
		DF5619875D16CD1B3B74E215 /* BoardQuery.swift */ = {isa = PBXFileReference; lastKnownFileType = sourcecode.swift; path = BoardQuery.swift; sourceTree = "<group>"; };
		E0435462C469D8222A55798D /* CardEntity.swift */ = {isa = PBXFileReference; lastKnownFileType = sourcecode.swift; path = CardEntity.swift; sourceTree = "<group>"; };
		E08CDD4A3A0F0F42D4CB63A1 /* PersistenceController.swift */ = {isa = PBXFileReference; lastKnownFileType = sourcecode.swift; path = PersistenceController.swift; sourceTree = "<group>"; };
		E22CB144486430B2801DB56B /* FizzyDTOTests.swift */ = {isa = PBXFileReference; lastKnownFileType = sourcecode.swift; path = FizzyDTOTests.swift; sourceTree = "<group>"; };
		E3A3D83F2F0820F87091E0A2 /* NotificationSettingsViewModel.swift */ = {isa = PBXFileReference; lastKnownFileType = sourcecode.swift; path = NotificationSettingsViewModel.swift; sourceTree = "<group>"; };
		E468616D12A084C045616D44 /* FenixKanbanTests.swift */ = {isa = PBXFileReference; lastKnownFileType = sourcecode.swift; path = FenixKanbanTests.swift; sourceTree = "<group>"; };
		E5AF375736749B5845C69519 /* View+AdaptiveLayout.swift */ = {isa = PBXFileReference; lastKnownFileType = sourcecode.swift; path = "View+AdaptiveLayout.swift"; sourceTree = "<group>"; };
		E681D4F4ECB3F364C0C422F0 /* BackupExporterTests.swift */ = {isa = PBXFileReference; lastKnownFileType = sourcecode.swift; path = BackupExporterTests.swift; sourceTree = "<group>"; };
		E7628BACE24DA03CDF86556D /* AuthenticationService.swift */ = {isa = PBXFileReference; lastKnownFileType = sourcecode.swift; path = AuthenticationService.swift; sourceTree = "<group>"; };
		E903B064D9CCA412BBA50256 /* NSManagedObject+Extensions.swift */ = {isa = PBXFileReference; lastKnownFileType = sourcecode.swift; path = "NSManagedObject+Extensions.swift"; sourceTree = "<group>"; };
		E96BEB60BF7AB875B2439D70 /* BoardListViewModel.swift */ = {isa = PBXFileReference; lastKnownFileType = sourcecode.swift; path = BoardListViewModel.swift; sourceTree = "<group>"; };
		E9EA1CAC7BDDA773E2C3A583 /* OpenBoardIntentTests.swift */ = {isa = PBXFileReference; lastKnownFileType = sourcecode.swift; path = OpenBoardIntentTests.swift; sourceTree = "<group>"; };
		EF898B5807DF1101F6F9DF0C /* CardEntityTests.swift */ = {isa = PBXFileReference; lastKnownFileType = sourcecode.swift; path = CardEntityTests.swift; sourceTree = "<group>"; };
		F000C371B0595EAD196C08A8 /* CardStepsViewModelTests.swift */ = {isa = PBXFileReference; lastKnownFileType = sourcecode.swift; path = CardStepsViewModelTests.swift; sourceTree = "<group>"; };
		F24019D9090EA00DA9C7D193 /* FizzyAuthPhase.swift */ = {isa = PBXFileReference; lastKnownFileType = sourcecode.swift; path = FizzyAuthPhase.swift; sourceTree = "<group>"; };
		F242A8F3B83F682279D956CF /* CardGoldenTicketTests.swift */ = {isa = PBXFileReference; lastKnownFileType = sourcecode.swift; path = CardGoldenTicketTests.swift; sourceTree = "<group>"; };
		F5B2F6FD904F3307539762E8 /* OpenBoardIntent.swift */ = {isa = PBXFileReference; lastKnownFileType = sourcecode.swift; path = OpenBoardIntent.swift; sourceTree = "<group>"; };
		F640DD5BBAFE1620B8DF9C57 /* AuthViewModel.swift */ = {isa = PBXFileReference; lastKnownFileType = sourcecode.swift; path = AuthViewModel.swift; sourceTree = "<group>"; };
		F90C5E7DFE341CFA9C38DACC /* NotificationSettingsView.swift */ = {isa = PBXFileReference; lastKnownFileType = sourcecode.swift; path = NotificationSettingsView.swift; sourceTree = "<group>"; };
		FABA181CFB55168EB577EAA1 /* FizzyError.swift */ = {isa = PBXFileReference; lastKnownFileType = sourcecode.swift; path = FizzyError.swift; sourceTree = "<group>"; };
		FAE77B96655930ABFC5A54DA /* Color+Hex.swift */ = {isa = PBXFileReference; lastKnownFileType = sourcecode.swift; path = "Color+Hex.swift"; sourceTree = "<group>"; };
		FDC0555AA6318151E788C7B4 /* BackupSettingsView.swift */ = {isa = PBXFileReference; lastKnownFileType = sourcecode.swift; path = BackupSettingsView.swift; sourceTree = "<group>"; };
		FF14922C6549BC2260540129 /* FizzyClient.swift */ = {isa = PBXFileReference; lastKnownFileType = sourcecode.swift; path = FizzyClient.swift; sourceTree = "<group>"; };
/* End PBXFileReference section */

/* Begin PBXGroup section */
		05B48BF4B473AEFDFC63906C /* Labels */ = {
			isa = PBXGroup;
			children = (
				9408D41208AD8931538011B8 /* LabelEditorSheet.swift */,
				A323FD39A6012DC3E52CC2E3 /* LabelManagementView.swift */,
				146BF439A2D63D25EFFE7357 /* LabelManagementViewModel.swift */,
				705401ADCC82CB1481075EA4 /* LabelPickerView.swift */,
			);
			path = Labels;
			sourceTree = "<group>";
		};
		0B78ECEF227AF1BB1067D6CC /* Intents */ = {
			isa = PBXGroup;
			children = (
				81F6E147784B7158A6DF4A4D /* BoardEntity.swift */,
				DF5619875D16CD1B3B74E215 /* BoardQuery.swift */,
				E0435462C469D8222A55798D /* CardEntity.swift */,
				B4F592F755DD0739220B0604 /* CardQuery.swift */,
				C8266DABF5BF6B426312B202 /* FenixKanbanShortcuts.swift */,
				CD208E7FEC3CDAB1ACD3238E /* FindGoldenCardsIntent.swift */,
				F5B2F6FD904F3307539762E8 /* OpenBoardIntent.swift */,
				411F394EE3281672E6FE03F0 /* OpenCardIntent.swift */,
				86FBA9DD9858555EF014B034 /* ToggleGoldenIntent.swift */,
			);
			path = Intents;
			sourceTree = "<group>";
		};
		0CDD1CAD1F142D563C1A612B /* Card */ = {
			isa = PBXGroup;
			children = (
				7B1B9186731B8F85F0294268 /* AssigneePickerView.swift */,
				2253B2841E2AA6BE67DDC30B /* CardDetailView.swift */,
				2C88157336039C94037EF998 /* CardDetailViewModel.swift */,
				59AFEEB67FB4B51FF48A4588 /* CardStepsSection.swift */,
				2AB088C5A75FE888B531310C /* CardStepsViewModel.swift */,
				9E20A59A4E9DDCD06081E6A7 /* CardView.swift */,
				6F1EA2F5FA16B1A5E2A0BDF1 /* NewCardSheet.swift */,
			);
			path = Card;
			sourceTree = "<group>";
		};
		15D58E3741D33B3C8B6C1B1D /* Resources */ = {
			isa = PBXGroup;
			children = (
				C9D9F931CC1F616741916216 /* Assets.xcassets */,
				8F3DBD8353B993911279540C /* FenixKanban.entitlements */,
				4EDF50E7292C3DD2CAB259B0 /* Info-Partial.plist */,
				C5675C125FA0A0508D8E6A50 /* LaunchScreen.storyboard */,
			);
			path = Resources;
			sourceTree = "<group>";
		};
		1E279A33AD90043CFE8686B0 = {
			isa = PBXGroup;
			children = (
				6E714786600BB05DB13519D7 /* Config */,
				80557794546CE78EEA063AB3 /* FenixKanban */,
				FC1AC208A9E6B4BA1D3A553E /* FenixKanbanTests */,
				F16B1B49246B6D4A03A47839 /* Products */,
			);
			sourceTree = "<group>";
		};
		213B05F03EA16355A3DD3E04 /* Board */ = {
			isa = PBXGroup;
			children = (
				B2BB675BD426DD316D476C37 /* BoardView.swift */,
				8FCE9E085EA2F4036462C2BF /* BoardViewModel.swift */,
				D05B5FFB9A7288FA077C6870 /* ColumnView.swift */,
				8311753D4E7179A377F3C7DD /* NewColumnSheet.swift */,
			);
			path = Board;
			sourceTree = "<group>";
		};
		2234D747A95BEE4D21580ED2 /* Repositories */ = {
			isa = PBXGroup;
			children = (
				1DAB6EF3F6C76AE6F9A55B9C /* BoardRepository.swift */,
				CACAAF5DC4AC402C5BBD81E2 /* CardRepository.swift */,
				9A78B1699150F1C5A72D387C /* LabelRepository.swift */,
			);
			path = Repositories;
			sourceTree = "<group>";
		};
		2532EED83F28CDBD8101A208 /* Fizzy */ = {
			isa = PBXGroup;
			children = (
				DE7390530D1BAF4F5AA79B68 /* FizzySyncProviderTests.swift */,
			);
			path = Fizzy;
			sourceTree = "<group>";
		};
		2ADAD06F0584C897CBB97668 /* Persistence */ = {
			isa = PBXGroup;
			children = (
				046EA11DE8B20663921E3177 /* CloudKitModelCompatibilityTests.swift */,
				BA18A6DED6332B607DDA0C1E /* CoreDataMigrationV6Tests.swift */,
				65E6825B6DA45FD22A2CC68C /* CoreDataMigrationV7Tests.swift */,
				9A81AFE70D5624FFC49D0D56 /* CoreDataMigrationV8Tests.swift */,
				B65EC8BB09483649E6158D7F /* MigrationModelLoading.swift */,
			);
			path = Persistence;
			sourceTree = "<group>";
		};
		2E22745F4F482FA3823879D8 /* Sync */ = {
			isa = PBXGroup;
			children = (
				2532EED83F28CDBD8101A208 /* Fizzy */,
			);
			path = Sync;
			sourceTree = "<group>";
		};
		2E96249D89F978A03046C06B /* Intents */ = {
			isa = PBXGroup;
			children = (
				4E8E42CB99AC86B2F3EE7E8F /* BoardEntityTests.swift */,
				EF898B5807DF1101F6F9DF0C /* CardEntityTests.swift */,
				9814F76F5D1AB67F43B0B7CE /* FindGoldenCardsIntentTests.swift */,
				E9EA1CAC7BDDA773E2C3A583 /* OpenBoardIntentTests.swift */,
				8EC4B924D7DFBA06A00FC4F3 /* OpenCardIntentTests.swift */,
				961DC5177F1B1026D80284E7 /* ToggleGoldenIntentTests.swift */,
			);
			path = Intents;
			sourceTree = "<group>";
		};
		3A956BD31899F5633C596B02 /* Components */ = {
			isa = PBXGroup;
			children = (
				4C17518B1F3DAB1848DD2356 /* DueDateBadge.swift */,
				628233BE2FC64E86E8D2B332 /* EmptyStateView.swift */,
				72EAF4548651CF03FA7CA77D /* GoldZoneChip.swift */,
				35A1AAE6F0C21DEB56C73DCA /* InitialsAvatar.swift */,
				27A14F077027BF8262193AEE /* LabelBadge.swift */,
				D1C257D017738FEE517DB1CA /* SyncStatusIndicator.swift */,
			);
			path = Components;
			sourceTree = "<group>";
		};
		3C4672B05850148A572D74F7 /* TipJar */ = {
			isa = PBXGroup;
			children = (
				754AA8D2F4FF050550CD5DED /* TipJarStore.swift */,
				91F0817152C485773F9923C6 /* TipJarView.swift */,
			);
			path = TipJar;
			sourceTree = "<group>";
		};
		3E79D7ED2835B50A526E19C8 /* Features */ = {
			isa = PBXGroup;
			children = (
				9F7F63F146DCE5A5D0241825 /* Auth */,
				6086D900802E205E76933C4D /* Backup */,
				213B05F03EA16355A3DD3E04 /* Board */,
				C437AC694A256CC96E54074C /* BoardList */,
				0CDD1CAD1F142D563C1A612B /* Card */,
				0B78ECEF227AF1BB1067D6CC /* Intents */,
				05B48BF4B473AEFDFC63906C /* Labels */,
				779EF2C8544DF10626586B60 /* Notifications */,
				7EFB1A22FB14A9100724309C /* Settings */,
				9460B5BC7EB210D2C3DBA37F /* Sync */,
				3C4672B05850148A572D74F7 /* TipJar */,
			);
			path = Features;
			sourceTree = "<group>";
		};
		498E8C11D23914AF73EE7AAB /* Core */ = {
			isa = PBXGroup;
			children = (
				E05DC4A47C2C8F433B36B36A /* Navigation */,
				62FA3FB1C6FA436B16FA6EDB /* Persistence */,
				D79316609471032E866D44DB /* Plugins */,
				2234D747A95BEE4D21580ED2 /* Repositories */,
				96DDEE00F91795695589CA9B /* Services */,
				5E4B634E22267E69941C8216 /* Settings */,
			);
			path = Core;
			sourceTree = "<group>";
		};
		4B004A08072329F2FB9EF382 /* Backup */ = {
			isa = PBXGroup;
			children = (
				E681D4F4ECB3F364C0C422F0 /* BackupExporterTests.swift */,
				CE8B5CCEE07FD18D668BA849 /* BackupManifestTests.swift */,
			);
			path = Backup;
			sourceTree = "<group>";
		};
		5E4B634E22267E69941C8216 /* Settings */ = {
			isa = PBXGroup;
			children = (
				1EBFF9106BD25ACE189F9C34 /* AppearanceMode.swift */,
			);
			path = Settings;
			sourceTree = "<group>";
		};
		6086D900802E205E76933C4D /* Backup */ = {
			isa = PBXGroup;
			children = (
				417CA11519C84AC01EEEE7B7 /* BackupDocument.swift */,
				0838D934889E230674EF4DE4 /* BackupExporter.swift */,
				36E8B6A25376C60961725E8B /* BackupManifest.swift */,
				FDC0555AA6318151E788C7B4 /* BackupSettingsView.swift */,
			);
			path = Backup;
			sourceTree = "<group>";
		};
		62FA3FB1C6FA436B16FA6EDB /* Persistence */ = {
			isa = PBXGroup;
			children = (
				5909D4678DDACA354C6FDC36 /* Board+CoreDataClass.swift */,
				8866EFD2141D3C4A5D9723F1 /* Card+CoreDataClass.swift */,
				DA5CC12ADA6D06949A786EDC /* CardAssignee.swift */,
				00732E1A5C4D4B8020209330 /* CardTombstone+CoreDataClass.swift */,
				9274B04A24B8E36F0D9804A1 /* Column+CoreDataClass.swift */,
				86F7D77B94002FF0AFD97874 /* ColumnTombstone+CoreDataClass.swift */,
				B562A4DF02514E22BF2BDC35 /* Label+CoreDataClass.swift */,
				E903B064D9CCA412BBA50256 /* NSManagedObject+Extensions.swift */,
				E08CDD4A3A0F0F42D4CB63A1 /* PersistenceController.swift */,
				EEBD451172E851A085C36F49 /* FenixKanban.xcdatamodeld */,
			);
			path = Persistence;
			sourceTree = "<group>";
		};
		665F4780CBBF754531D47F1D /* Extensions */ = {
			isa = PBXGroup;
			children = (
				DD77820B4EE492CF7AE25085 /* ColorCrossPlatformTests.swift */,
				55C24E1E16D4DABFE2B4EDD2 /* FontCrossPlatformTests.swift */,
			);
			path = Extensions;
			sourceTree = "<group>";
		};
		6E714786600BB05DB13519D7 /* Config */ = {
			isa = PBXGroup;
			children = (
				99D93FD1E573B49C12DC2C27 /* Development.xcconfig */,
			);
			path = Config;
			sourceTree = "<group>";
		};
		740E2BBCF3E5834908750AB6 /* Preview Content */ = {
			isa = PBXGroup;
			children = (
				BBD6409104882DAF7C55FF7D /* PreviewPersistence.swift */,
			);
			path = "Preview Content";
			sourceTree = "<group>";
		};
		74EE9E89E5F457BABDDF039C /* Services */ = {
			isa = PBXGroup;
			children = (
				4352F68CBFA8610EEC9EE57A /* AuthenticationServiceTests.swift */,
				78234911E102475108AE9455 /* KeychainHelperTests.swift */,
				78AC2296425D56EBD2D865F6 /* NotificationServiceTests.swift */,
				5F8BA67918984E11FD14D58F /* SyncMonitorTests.swift */,
				48E24C6748D661CCE038C4F0 /* TipJarStoreTests.swift */,
				CA2F497DC7C4B6FE99D67D3E /* Fizzy */,
			);
			path = Services;
			sourceTree = "<group>";
		};
		779EF2C8544DF10626586B60 /* Notifications */ = {
			isa = PBXGroup;
			children = (
				F90C5E7DFE341CFA9C38DACC /* NotificationSettingsView.swift */,
				E3A3D83F2F0820F87091E0A2 /* NotificationSettingsViewModel.swift */,
			);
			path = Notifications;
			sourceTree = "<group>";
		};
		7EFB1A22FB14A9100724309C /* Settings */ = {
			isa = PBXGroup;
			children = (
				4655A9176AC7C9288D8920FE /* SettingsView.swift */,
				8CE57AC031B96D8412DAB25F /* SettingsViewModel.swift */,
			);
			path = Settings;
			sourceTree = "<group>";
		};
		7F68A8D5B1BEE2A3B176B872 /* ViewModels */ = {
			isa = PBXGroup;
			children = (
				242CA846949A90DC9B41F766 /* BoardListViewModelTests.swift */,
				3111A5D05410056866896FCB /* BoardViewModelGoldenTests.swift */,
				A61AF1066F57E5404E2BF366 /* BoardViewModelLifecycleTests.swift */,
				DB041FBA0AE74AA75078C039 /* BoardViewModelTests.swift */,
				0773EA35195C125F7BB6AB6B /* CardDetailViewModelTests.swift */,
				F000C371B0595EAD196C08A8 /* CardStepsViewModelTests.swift */,
			);
			path = ViewModels;
			sourceTree = "<group>";
		};
		80557794546CE78EEA063AB3 /* FenixKanban */ = {
			isa = PBXGroup;
			children = (
				85494C22E08296B97AE0FA5C /* FenixKanbanApp.swift */,
				B36134843F5683038443D750 /* TipJarProducts.storekit */,
				3A956BD31899F5633C596B02 /* Components */,
				498E8C11D23914AF73EE7AAB /* Core */,
				F18E30A529E95B92AD48B5D9 /* Extensions */,
				3E79D7ED2835B50A526E19C8 /* Features */,
				740E2BBCF3E5834908750AB6 /* Preview Content */,
				15D58E3741D33B3C8B6C1B1D /* Resources */,
			);
			path = FenixKanban;
			sourceTree = "<group>";
		};
		9460B5BC7EB210D2C3DBA37F /* Sync */ = {
			isa = PBXGroup;
			children = (
				9C5FE8423C5C6D2A5FD1C033 /* SyncSettingsView.swift */,
				DA6953239889AC5CD72F2074 /* Fizzy */,
			);
			path = Sync;
			sourceTree = "<group>";
		};
		96DDEE00F91795695589CA9B /* Services */ = {
			isa = PBXGroup;
			children = (
				E7628BACE24DA03CDF86556D /* AuthenticationService.swift */,
				D10A143D4EF691E4A0436C89 /* NotificationService.swift */,
				DE7572B48C962A3EB824956E /* SyncMonitor.swift */,
				FE0D1F7D7689032BAFB60030 /* Fizzy */,
			);
			path = Services;
			sourceTree = "<group>";
		};
		9F7F63F146DCE5A5D0241825 /* Auth */ = {
			isa = PBXGroup;
			children = (
				0E2D11BAE72815F0D7F274CD /* AuthView.swift */,
				F640DD5BBAFE1620B8DF9C57 /* AuthViewModel.swift */,
			);
			path = Auth;
			sourceTree = "<group>";
		};
		BD9513D6E3A8EC435CEBC6B2 /* Features */ = {
			isa = PBXGroup;
			children = (
				4B004A08072329F2FB9EF382 /* Backup */,
				2E22745F4F482FA3823879D8 /* Sync */,
			);
			path = Features;
			sourceTree = "<group>";
		};
		C324BCF806B80C2A14FFB431 /* Fixtures */ = {
			isa = PBXGroup;
			children = (
			);
			path = Fixtures;
			sourceTree = "<group>";
		};
		C437AC694A256CC96E54074C /* BoardList */ = {
			isa = PBXGroup;
			children = (
				B641E69411C4F09DB4A6E2DD /* BoardListView.swift */,
				E96BEB60BF7AB875B2439D70 /* BoardListViewModel.swift */,
				AD1964FFB87532CE5ED41070 /* BoardRowView.swift */,
			);
			path = BoardList;
			sourceTree = "<group>";
		};
		CA2F497DC7C4B6FE99D67D3E /* Fizzy */ = {
			isa = PBXGroup;
			children = (
				D613029DDB577CD954C47EEC /* FirstSyncModeTests.swift */,
				0EB4EFAD01CE12778897E024 /* FizzyAuthStateTests.swift */,
				8F61A847D1870E4D02FFCCEA /* FizzyBoardMappingTests.swift */,
				38A57D39B2CCA5985144EF4A /* FizzyClientBoardsTests.swift */,
				56BA5DC73054F09A324E9B58 /* FizzyClientCardActionsTests.swift */,
				9C48C9144B3593287090B842 /* FizzyClientCommentsTests.swift */,
				A472D8FA16F1EB9A071E6E64 /* FizzyClientDirectoryTests.swift */,
				821C842E496F5DE33DC42D4A /* FizzyClientTests.swift */,
				E22CB144486430B2801DB56B /* FizzyDTOTests.swift */,
				90DA7FF40821224EB0A36F25 /* FizzyErrorTests.swift */,
				DA08B935AE5F124F922B0769 /* FizzySyncEngineAdoptionResilienceTests.swift */,
				51DE8D7DBCA451BE1FDADEB8 /* FizzySyncEngineBoardIsolationTests.swift */,
				3EBBBBF705E70A9B9C8F880B /* FizzySyncEngineTests.swift */,
				D26870A7B74A1F2FDA417A7D /* FizzySyncMappingTests.swift */,
				B696D2AF5C3863296D4DB139 /* MockURLProtocol.swift */,
				09EACADBB67BFDA43E39C6E2 /* SyncResultTests.swift */,
			);
			path = Fizzy;
			sourceTree = "<group>";
		};
		CEB25DA70C666F89336E18F6 /* Repositories */ = {
			isa = PBXGroup;
			children = (
				0906AE18DFC56CF8C029EE3E /* BoardRepositoryTests.swift */,
				58682DDB41C2C955C5ABD519 /* CardRepositoryGoldenSortTests.swift */,
				7BEA333BB150F388950BC01B /* CardRepositoryTests.swift */,
				187191DF06C44E34E0554DE1 /* LabelRepositoryTests.swift */,
			);
			path = Repositories;
			sourceTree = "<group>";
		};
		D79316609471032E866D44DB /* Plugins */ = {
			isa = PBXGroup;
			children = (
				C88DE2CFAB1D67DA8824B424 /* BoardSyncProvider.swift */,
				311DF4986085B0CEA06EEAC9 /* PluginRegistry.swift */,
			);
			path = Plugins;
			sourceTree = "<group>";
		};
		DA6953239889AC5CD72F2074 /* Fizzy */ = {
			isa = PBXGroup;
			children = (
				98505E6C18C3691F83519972 /* FizzyAuthPairView.swift */,
				F24019D9090EA00DA9C7D193 /* FizzyAuthPhase.swift */,
				824D0B1348180DDDB6480B5D /* FizzyAuthStatusView.swift */,
				068A3D4E105877CD3E5E375D /* FizzyAuthVerifyView.swift */,
				139288734275D3EB49C0F400 /* FizzyAuthView.swift */,
				701FB76BF91002475A8F7180 /* FizzySyncProvider.swift */,
			);
			path = Fizzy;
			sourceTree = "<group>";
		};
		DACE608239CEF0D6E6257310 /* Core */ = {
			isa = PBXGroup;
			children = (
				A1E87D54C1B073A40441ED37 /* NavigationModelTests.swift */,
				DB4BE978FAFEDE5FF5FD58C0 /* Settings */,
			);
			path = Core;
			sourceTree = "<group>";
		};
		DB4BE978FAFEDE5FF5FD58C0 /* Settings */ = {
			isa = PBXGroup;
			children = (
				1FB394427B5B7CFF081C696F /* AppearanceModeTests.swift */,
			);
			path = Settings;
			sourceTree = "<group>";
		};
		E05DC4A47C2C8F433B36B36A /* Navigation */ = {
			isa = PBXGroup;
			children = (
				D9864DD5AE3F9D3B1B6B2348 /* NavigationModel.swift */,
			);
			path = Navigation;
			sourceTree = "<group>";
		};
		ED92A51CF99AD7208A720C96 /* Models */ = {
			isa = PBXGroup;
			children = (
				4320EF6E55D4289D8090AF3A /* CardFizzyAttributesTests.swift */,
				F242A8F3B83F682279D956CF /* CardGoldenTicketTests.swift */,
				97CBC36EEDDDB591544788B6 /* TombstoneEntitiesTests.swift */,
			);
			path = Models;
			sourceTree = "<group>";
		};
		F16B1B49246B6D4A03A47839 /* Products */ = {
			isa = PBXGroup;
			children = (
				3B3B18529BA56A0A6AB29ED9 /* FenixKanban.app */,
				2F1791B47F1ED656029C1A08 /* FenixKanbanTests.xctest */,
			);
			name = Products;
			sourceTree = "<group>";
		};
		F18E30A529E95B92AD48B5D9 /* Extensions */ = {
			isa = PBXGroup;
			children = (
				3BAF9D30411BBA68C9901CBC /* Color+CrossPlatform.swift */,
				FAE77B96655930ABFC5A54DA /* Color+Hex.swift */,
				8BBA8E6B155CEA2FD11BA076 /* Date+Relative.swift */,
				9E0882A3E6ADAC8A1E2A8608 /* Font+CrossPlatform.swift */,
				E5AF375736749B5845C69519 /* View+AdaptiveLayout.swift */,
			);
			path = Extensions;
			sourceTree = "<group>";
		};
		FC1AC208A9E6B4BA1D3A553E /* FenixKanbanTests */ = {
			isa = PBXGroup;
			children = (
				E468616D12A084C045616D44 /* FenixKanbanTests.swift */,
				DACE608239CEF0D6E6257310 /* Core */,
				665F4780CBBF754531D47F1D /* Extensions */,
				BD9513D6E3A8EC435CEBC6B2 /* Features */,
				C324BCF806B80C2A14FFB431 /* Fixtures */,
				2E96249D89F978A03046C06B /* Intents */,
				ED92A51CF99AD7208A720C96 /* Models */,
				2ADAD06F0584C897CBB97668 /* Persistence */,
				CEB25DA70C666F89336E18F6 /* Repositories */,
				74EE9E89E5F457BABDDF039C /* Services */,
				7F68A8D5B1BEE2A3B176B872 /* ViewModels */,
			);
			path = FenixKanbanTests;
			sourceTree = "<group>";
		};
		FE0D1F7D7689032BAFB60030 /* Fizzy */ = {
			isa = PBXGroup;
			children = (
				A9C7E3DD35C16245540AD34D /* FirstSyncMode.swift */,
				0BDB1F0B68F0499ABCF92B6D /* FizzyAuthState.swift */,
				236DA19A55EE9EA81DE3FE89 /* FizzyBoardMapping.swift */,
				FF14922C6549BC2260540129 /* FizzyClient.swift */,
				1E738ED3A6BBDD9FDA17CE8D /* FizzyClient+Boards.swift */,
				CB0799150A86FC83B5B880B0 /* FizzyClient+CardActions.swift */,
				7DAD2ED2D2F5D199581543B6 /* FizzyClient+Comments.swift */,
				81D940AFA2D7BAA47055968F /* FizzyClient+Directory.swift */,
				8A25B0D029F52671883DC255 /* FizzyDTOs.swift */,
				CDA0031C50989F69B37D43EE /* FizzyDTOs+Boards.swift */,
				07DBC99D1D8C73344332292A /* FizzyDTOs+CardActions.swift */,
				5DCF09CEDCB117837C6930E7 /* FizzyDTOs+Comments.swift */,
				25D477B9EB12FF832B4E19D6 /* FizzyDTOs+Directory.swift */,
				FABA181CFB55168EB577EAA1 /* FizzyError.swift */,
				C814FD4AE7DCBBA14E94FAA9 /* FizzyResponse.swift */,
				263A4B64EBC1D39BF38D2CDC /* FizzySyncEngine.swift */,
				6E00D90944DED67CF753E517 /* FizzySyncMapping.swift */,
				CCED96777A4573DFBA0FF0AA /* SyncResult.swift */,
			);
			path = Fizzy;
			sourceTree = "<group>";
		};
/* End PBXGroup section */

/* Begin PBXNativeTarget section */
		29B0805C04158CE223599CD4 /* FenixKanban */ = {
			isa = PBXNativeTarget;
			buildConfigurationList = 2DCEDBB8F8575B9FBC5E4638 /* Build configuration list for PBXNativeTarget "FenixKanban" */;
			buildPhases = (
				0D36C09605D6FEE3F011A35B /* Sources */,
				33613CB61E1A3630860CA22F /* Resources */,
			);
			buildRules = (
			);
			dependencies = (
			);
			name = FenixKanban;
			packageProductDependencies = (
			);
			productName = FenixKanban;
			productReference = 3B3B18529BA56A0A6AB29ED9 /* FenixKanban.app */;
			productType = "com.apple.product-type.application";
		};
		62212B85E018F8DAAD57EB30 /* FenixKanbanTests */ = {
			isa = PBXNativeTarget;
			buildConfigurationList = 85D5340FEE4C212FE6974E6B /* Build configuration list for PBXNativeTarget "FenixKanbanTests" */;
			buildPhases = (
				22230ADE867E8E109A371722 /* Sources */,
			);
			buildRules = (
			);
			dependencies = (
				FABC1CD086BE8C4BD632A95F /* PBXTargetDependency */,
			);
			name = FenixKanbanTests;
			packageProductDependencies = (
			);
			productName = FenixKanbanTests;
			productReference = 2F1791B47F1ED656029C1A08 /* FenixKanbanTests.xctest */;
			productType = "com.apple.product-type.bundle.unit-test";
		};
/* End PBXNativeTarget section */

/* Begin PBXProject section */
		FA3C663B872EBD2B6D95718D /* Project object */ = {
			isa = PBXProject;
			attributes = {
				BuildIndependentTargetsInParallel = YES;
				LastUpgradeCheck = 1600;
				TargetAttributes = {
					29B0805C04158CE223599CD4 = {
						DevelopmentTeam = QU2C2R55C4;
						ProvisioningStyle = Automatic;
					};
					62212B85E018F8DAAD57EB30 = {
						DevelopmentTeam = QU2C2R55C4;
						ProvisioningStyle = Automatic;
					};
				};
			};
			buildConfigurationList = 51427CA70DCD561FFDD710B8 /* Build configuration list for PBXProject "FenixKanban" */;
			developmentRegion = en;
			hasScannedForEncodings = 0;
			knownRegions = (
				Base,
				en,
			);
			mainGroup = 1E279A33AD90043CFE8686B0;
			minimizedProjectReferenceProxies = 1;
			preferredProjectObjectVersion = 77;
			productRefGroup = F16B1B49246B6D4A03A47839 /* Products */;
			projectDirPath = "";
			projectRoot = "";
			targets = (
				29B0805C04158CE223599CD4 /* FenixKanban */,
				62212B85E018F8DAAD57EB30 /* FenixKanbanTests */,
			);
		};
/* End PBXProject section */

/* Begin PBXResourcesBuildPhase section */
		33613CB61E1A3630860CA22F /* Resources */ = {
			isa = PBXResourcesBuildPhase;
			buildActionMask = 2147483647;
			files = (
				6B8CCB3D027AFF0260256D06 /* Assets.xcassets in Resources */,
				6721B436DE044A5FB471EA5C /* LaunchScreen.storyboard in Resources */,
				A75962D2AFEEB01E10CFDEAF /* TipJarProducts.storekit in Resources */,
			);
			runOnlyForDeploymentPostprocessing = 0;
		};
/* End PBXResourcesBuildPhase section */

/* Begin PBXSourcesBuildPhase section */
		0D36C09605D6FEE3F011A35B /* Sources */ = {
			isa = PBXSourcesBuildPhase;
			buildActionMask = 2147483647;
			files = (
				DCA918D48BE6C991C0F9B1A1 /* AppearanceMode.swift in Sources */,
				E28CEDF04F9DC799CB8AA774 /* AssigneePickerView.swift in Sources */,
				431BFEDC9B5D0E3C958D1FE7 /* AuthView.swift in Sources */,
				FD233A5D322CB0F5C5C6526F /* AuthViewModel.swift in Sources */,
				F0682EFFF93FCD29D58CA7CD /* AuthenticationService.swift in Sources */,
				98658EB79D1180F38108C352 /* BackupDocument.swift in Sources */,
				FBE1E15BE388FCB6CC58D7FF /* BackupExporter.swift in Sources */,
				A8BA33B4E95C7DC1B5BCB89F /* BackupManifest.swift in Sources */,
				F1D35060BF2A659F14333EAD /* BackupSettingsView.swift in Sources */,
				443FC87C48FE4092546E9C78 /* Board+CoreDataClass.swift in Sources */,
				7B489206B8BFF570139BFC5E /* BoardEntity.swift in Sources */,
				4C558BCB1F1A5E83A77D351E /* BoardListView.swift in Sources */,
				C41A3DA3DA19E0BBB8B02D36 /* BoardListViewModel.swift in Sources */,
				C2902035A969FF5D17E7BAA0 /* BoardQuery.swift in Sources */,
				ACDC1A0770CC952A0A5FD5F1 /* BoardRepository.swift in Sources */,
				B93AABC8F465D0D71FB85737 /* BoardRowView.swift in Sources */,
				77C47FCFD6828F64E05B55C9 /* BoardSyncProvider.swift in Sources */,
				4EE391539AF6711C5060C0E7 /* BoardView.swift in Sources */,
				C7DC1F515DF0710E60B122EE /* BoardViewModel.swift in Sources */,
				63D0C71A1CC4E212A545376F /* Card+CoreDataClass.swift in Sources */,
				41D59D4CD494CE3FF0C722AE /* CardAssignee.swift in Sources */,
				3006918E8F888BD08EEDD237 /* CardDetailView.swift in Sources */,
				9284ACAFB9DBA9954A2DD9D2 /* CardDetailViewModel.swift in Sources */,
				0908EEB3330789590BEB75D2 /* CardEntity.swift in Sources */,
				6C8C404DB12E296DC35C51F5 /* CardQuery.swift in Sources */,
				69BF266ADD30F1A28470A779 /* CardRepository.swift in Sources */,
				33517732DB9D6DC7B0AC2655 /* CardStepsSection.swift in Sources */,
				038304D92D7F6AAEBE6867EE /* CardStepsViewModel.swift in Sources */,
				5C4881582D1DB4AF315EC0E4 /* CardTombstone+CoreDataClass.swift in Sources */,
				2AAF549C9C77BBDEE6A9DAA6 /* CardView.swift in Sources */,
				36658752FDD73D09DB8CA091 /* Color+CrossPlatform.swift in Sources */,
				49E731B3D3082D79E09013C6 /* Color+Hex.swift in Sources */,
				C4AA7AF76E843E21FD235E1C /* Column+CoreDataClass.swift in Sources */,
				17275D2E744DB68AE345032D /* ColumnTombstone+CoreDataClass.swift in Sources */,
				32F952DF0718DED5C6CA7E3B /* ColumnView.swift in Sources */,
				4D66DB2B5491D5E5DC10E614 /* Date+Relative.swift in Sources */,
				F6F8F0977B16D421E5AC1978 /* DueDateBadge.swift in Sources */,
				9E1CD87EE9E3281D8E49A47D /* EmptyStateView.swift in Sources */,
				32BA63F4742BBE3D1371E561 /* FenixKanban.xcdatamodeld in Sources */,
				098FD4FF85070443FBF44DF5 /* FenixKanbanApp.swift in Sources */,
				93F967F7144D2103D799FD3C /* FenixKanbanShortcuts.swift in Sources */,
				6D71EC62F098049DA2784D72 /* FindGoldenCardsIntent.swift in Sources */,
				E82ED2F491D07950CC7D9A4D /* FirstSyncMode.swift in Sources */,
				E8F4885003A7443637FADF62 /* FizzyAuthPairView.swift in Sources */,
				5795522A430FAB8B0D9E3425 /* FizzyAuthPhase.swift in Sources */,
				37D4092F6735945F67D6AD4E /* FizzyAuthState.swift in Sources */,
				514361CF37BCE7CEB710CCD8 /* FizzyAuthStatusView.swift in Sources */,
				CBC3D3B8D2AC5334393585B0 /* FizzyAuthVerifyView.swift in Sources */,
				27984FA5AFF59944FC4885BE /* FizzyAuthView.swift in Sources */,
				4575DF39C8B534793CB3B666 /* FizzyBoardMapping.swift in Sources */,
				46B38803724EF2448FFDA1FD /* FizzyClient+Boards.swift in Sources */,
				47952C2FBEE5AFA7208296A7 /* FizzyClient+CardActions.swift in Sources */,
				97AA387F38B07EE3DC779639 /* FizzyClient+Comments.swift in Sources */,
				1A8A7DADB70C45BD073693AC /* FizzyClient+Directory.swift in Sources */,
				AC1E3E87B7CD67F0035D7505 /* FizzyClient.swift in Sources */,
				49A6CB72359D375FB13B2B7D /* FizzyDTOs+Boards.swift in Sources */,
				BEBC8EDC41CD1929B34CA7A8 /* FizzyDTOs+CardActions.swift in Sources */,
				3E2D89F9EEBD7CA3CB01AFE2 /* FizzyDTOs+Comments.swift in Sources */,
				FBEE679BCF1A845D4AD3521B /* FizzyDTOs+Directory.swift in Sources */,
				2F13B71B01BE8EB33100F976 /* FizzyDTOs.swift in Sources */,
				C071193A6B7A63C7AC32817D /* FizzyError.swift in Sources */,
				857344412226E98D29897FCA /* FizzyResponse.swift in Sources */,
				E7142545CF6A399053654C8C /* FizzySyncEngine.swift in Sources */,
				DC7454E09D93F33B9F51A899 /* FizzySyncMapping.swift in Sources */,
				F8CFCB9761DFDE1E3B27990B /* FizzySyncProvider.swift in Sources */,
				DB02B77935A13D58612547E9 /* Font+CrossPlatform.swift in Sources */,
				5039163B9D594E4E35237796 /* GoldZoneChip.swift in Sources */,
				EE5DD89C21B3F520B7C19CED /* InitialsAvatar.swift in Sources */,
				0007737C6FCC57DA42BD02A3 /* Label+CoreDataClass.swift in Sources */,
				2B4EC97C9498E37E6B2F4292 /* LabelBadge.swift in Sources */,
				577A21A946600DF0FCF63140 /* LabelEditorSheet.swift in Sources */,
				7E2A5B97A7C05FC5C74DAA07 /* LabelManagementView.swift in Sources */,
				87F30DDEF6BA185E04CCE3A8 /* LabelManagementViewModel.swift in Sources */,
				DDAD4306A7EC34303A1EA66A /* LabelPickerView.swift in Sources */,
				81F6D537A1BE4A3C87ACE6F7 /* LabelRepository.swift in Sources */,
				D093A3AA8DA1AD6DB8EB60CD /* NSManagedObject+Extensions.swift in Sources */,
				58F792A039D26E85E170C0A6 /* NavigationModel.swift in Sources */,
				E63AADE0F3925286DD626477 /* NewCardSheet.swift in Sources */,
				EFF022CD792DF26605523F37 /* NewColumnSheet.swift in Sources */,
				17B189DE5F79704AE4FDF910 /* NotificationService.swift in Sources */,
				3234809B8B3230567DA0DF54 /* NotificationSettingsView.swift in Sources */,
				CB732A1614AF3916C0C2C058 /* NotificationSettingsViewModel.swift in Sources */,
				83ADC5960C67897BC9D98929 /* OpenBoardIntent.swift in Sources */,
				2BE7A2F079F329C4788390D0 /* OpenCardIntent.swift in Sources */,
				DCC089C049939BC2BAF04E49 /* PersistenceController.swift in Sources */,
				A00251C828BF492E7FA02027 /* PluginRegistry.swift in Sources */,
				703038A826EEB17114395035 /* PreviewPersistence.swift in Sources */,
				27FBE181E269E549EEF69233 /* SettingsView.swift in Sources */,
				C678410113CD945F4AD89AFC /* SettingsViewModel.swift in Sources */,
				DC765919BB731CC54C2A813D /* SyncMonitor.swift in Sources */,
				01E3AFEC069DF18B4E2A0C4E /* SyncResult.swift in Sources */,
				75FC5EF6E991CBC99BD5DD9B /* SyncSettingsView.swift in Sources */,
				5E7BDD56C001FD9FF4B9C87C /* SyncStatusIndicator.swift in Sources */,
				EB89C1364903EF0A7B4F90E5 /* TipJarStore.swift in Sources */,
				CE45552D3BF177D8FFDF02C7 /* TipJarView.swift in Sources */,
				D0B586E9137AE80BB7B0ACD9 /* ToggleGoldenIntent.swift in Sources */,
				280FE176F4F5E3DF15AAB119 /* View+AdaptiveLayout.swift in Sources */,
			);
			runOnlyForDeploymentPostprocessing = 0;
		};
		22230ADE867E8E109A371722 /* Sources */ = {
			isa = PBXSourcesBuildPhase;
			buildActionMask = 2147483647;
			files = (
				A30A97626FA931BBFCD62BA3 /* AppearanceModeTests.swift in Sources */,
				2BAB3B616AC9A95A8CC6D3B1 /* AuthenticationServiceTests.swift in Sources */,
				38B76F596C9ADE228B1DBFAE /* BackupExporterTests.swift in Sources */,
				CFD2124A4025EA91037AD6BF /* BackupManifestTests.swift in Sources */,
				12851253CACE6154745B79E3 /* BoardEntityTests.swift in Sources */,
				FDE100082D4EC59095D416DD /* BoardListViewModelTests.swift in Sources */,
				6821052820164D6848537418 /* BoardRepositoryTests.swift in Sources */,
				1FC7C8014EFC4F2A11140203 /* BoardViewModelGoldenTests.swift in Sources */,
				4262C459E4BA6E8674A9214F /* BoardViewModelLifecycleTests.swift in Sources */,
				1A8EDCFA9E34232FEF82D754 /* BoardViewModelTests.swift in Sources */,
				85D310E387A4F93267DA63C6 /* CardDetailViewModelTests.swift in Sources */,
				24B29C740BBF59C7B9D78678 /* CardEntityTests.swift in Sources */,
				5784E51B2890575C8CD43F0C /* CardFizzyAttributesTests.swift in Sources */,
				7217E9831E28A4081879F59C /* CardGoldenTicketTests.swift in Sources */,
				48B42F3CCACF3FBA3E7F8922 /* CardRepositoryGoldenSortTests.swift in Sources */,
				865DDC3563DDB81E598CBC5B /* CardRepositoryTests.swift in Sources */,
				393B0EA42CCAAC5559A50522 /* CardStepsViewModelTests.swift in Sources */,
				BC35EA5164556CC49C7F8172 /* CloudKitModelCompatibilityTests.swift in Sources */,
				3680BDD5845AA5E618ECD06A /* ColorCrossPlatformTests.swift in Sources */,
				A94FB2127558BBF22138921D /* CoreDataMigrationV6Tests.swift in Sources */,
				9493F64109A56D42E9AC52E8 /* CoreDataMigrationV7Tests.swift in Sources */,
				AD4DAC969973666BD0A6DADC /* CoreDataMigrationV8Tests.swift in Sources */,
				B9B5AC6F8033B72BB7BC089E /* FenixKanbanTests.swift in Sources */,
				98A60AD902D5EF49A45FB91D /* FindGoldenCardsIntentTests.swift in Sources */,
				1CB04CF828EEDBD05FD6D100 /* FirstSyncModeTests.swift in Sources */,
				AE5022DDFA982D34C385844B /* FizzyAuthStateTests.swift in Sources */,
				18A304663770D25F082F2E2C /* FizzyBoardMappingTests.swift in Sources */,
				42100AF5E2377B639D8C7043 /* FizzyClientBoardsTests.swift in Sources */,
				47B7A2EF694C710937F3825E /* FizzyClientCardActionsTests.swift in Sources */,
				FD67D2436B58C8ECCB4073AB /* FizzyClientCommentsTests.swift in Sources */,
				5B7B07F280A4511744AF3E83 /* FizzyClientDirectoryTests.swift in Sources */,
				957D0C7287B2CAB192BC4E96 /* FizzyClientTests.swift in Sources */,
				AF2920C69E992CB4BEA0637C /* FizzyDTOTests.swift in Sources */,
				BCD3E5F03E90F0C89E6CD52B /* FizzyErrorTests.swift in Sources */,
				F1CC3FEAFCE416CBBFE145EE /* FizzySyncEngineAdoptionResilienceTests.swift in Sources */,
				A523853319B92FACCF46BFBF /* FizzySyncEngineBoardIsolationTests.swift in Sources */,
				D6D9021F8F2C22915DB77D4C /* FizzySyncEngineTests.swift in Sources */,
				321C0D7DB3CF3DD8D9ECD6B4 /* FizzySyncMappingTests.swift in Sources */,
				E9E42C62557AFB457356C145 /* FizzySyncProviderTests.swift in Sources */,
				D5DE1AA12C428C158A806CE7 /* FontCrossPlatformTests.swift in Sources */,
				BF5FF5794901DDF9B4E808C8 /* KeychainHelperTests.swift in Sources */,
				7DF7FBBAA6F37C21DABE7B52 /* LabelRepositoryTests.swift in Sources */,
				7F544F9BCF81BF33D0F84D8F /* MigrationModelLoading.swift in Sources */,
				DEFA903A08A0D1F9DC624551 /* MockURLProtocol.swift in Sources */,
				43CF64EA2977EEE9323333DB /* NavigationModelTests.swift in Sources */,
				41945B9C390740A8D93C3ADF /* NotificationServiceTests.swift in Sources */,
				3D5303B80E2BFC55CBE3D81F /* OpenBoardIntentTests.swift in Sources */,
				B708F58FB566F7D50425EA4D /* OpenCardIntentTests.swift in Sources */,
				BFA7112B4AC02616859C2445 /* SyncMonitorTests.swift in Sources */,
				C3476FFC4259355BF0F3555D /* SyncResultTests.swift in Sources */,
				73049301642A0A1EBFFAC8CA /* TipJarStoreTests.swift in Sources */,
				EC7C05CF82696BA1D92235FC /* ToggleGoldenIntentTests.swift in Sources */,
				F3F29322F81DCB43E8A4B25A /* TombstoneEntitiesTests.swift in Sources */,
			);
			runOnlyForDeploymentPostprocessing = 0;
		};
/* End PBXSourcesBuildPhase section */

/* Begin PBXTargetDependency section */
		FABC1CD086BE8C4BD632A95F /* PBXTargetDependency */ = {
			isa = PBXTargetDependency;
			target = 29B0805C04158CE223599CD4 /* FenixKanban */;
			targetProxy = 8BCCB11DF2158D802A5BFC16 /* PBXContainerItemProxy */;
		};
/* End PBXTargetDependency section */

/* Begin XCBuildConfiguration section */
		0BABE41DBB66815104FE4506 /* Debug */ = {
			isa = XCBuildConfiguration;
			buildSettings = {
				ASSETCATALOG_COMPILER_APPICON_NAME = AppIcon;
				CODE_SIGN_ENTITLEMENTS = FenixKanban/Resources/FenixKanban.entitlements;
				CODE_SIGN_IDENTITY = "iPhone Developer";
				"EXCLUDED_SOURCE_FILE_NAMES[sdk=macosx*]" = LaunchScreen.storyboard;
				GENERATE_INFOPLIST_FILE = YES;
				INFOPLIST_FILE = "FenixKanban/Resources/Info-Partial.plist";
				INFOPLIST_KEY_CFBundleDisplayName = FenixKanban;
				INFOPLIST_KEY_UIApplicationSceneManifest_Generation = YES;
				LD_RUNPATH_SEARCH_PATHS = (
					"$(inherited)",
					"@executable_path/Frameworks",
				);
				PRODUCT_BUNDLE_IDENTIFIER = com.bluefenixproductions.FenixKanban;
				SDKROOT = iphoneos;
				SUPPORTS_MACCATALYST = NO;
				TARGETED_DEVICE_FAMILY = "1,2";
			};
			name = Debug;
		};
		21874AFDE288A36F86B329AB /* Release */ = {
			isa = XCBuildConfiguration;
			baseConfigurationReference = 99D93FD1E573B49C12DC2C27 /* Development.xcconfig */;
			buildSettings = {
				ALWAYS_SEARCH_USER_PATHS = NO;
				ASSETCATALOG_COMPILER_GENERATE_SWIFT_ASSET_SYMBOL_EXTENSIONS = YES;
				CLANG_ANALYZER_NONNULL = YES;
				CLANG_ANALYZER_NUMBER_OBJECT_CONVERSION = YES_AGGRESSIVE;
				CLANG_CXX_LANGUAGE_STANDARD = "gnu++14";
				CLANG_CXX_LIBRARY = "libc++";
				CLANG_ENABLE_MODULES = YES;
				CLANG_ENABLE_OBJC_ARC = YES;
				CLANG_ENABLE_OBJC_WEAK = YES;
				CLANG_WARN_BLOCK_CAPTURE_AUTORELEASING = YES;
				CLANG_WARN_BOOL_CONVERSION = YES;
				CLANG_WARN_COMMA = YES;
				CLANG_WARN_CONSTANT_CONVERSION = YES;
				CLANG_WARN_DEPRECATED_OBJC_IMPLEMENTATIONS = YES;
				CLANG_WARN_DIRECT_OBJC_ISA_USAGE = YES_ERROR;
				CLANG_WARN_DOCUMENTATION_COMMENTS = YES;
				CLANG_WARN_EMPTY_BODY = YES;
				CLANG_WARN_ENUM_CONVERSION = YES;
				CLANG_WARN_INFINITE_RECURSION = YES;
				CLANG_WARN_INT_CONVERSION = YES;
				CLANG_WARN_NON_LITERAL_NULL_CONVERSION = YES;
				CLANG_WARN_OBJC_IMPLICIT_RETAIN_SELF = YES;
				CLANG_WARN_OBJC_LITERAL_CONVERSION = YES;
				CLANG_WARN_OBJC_ROOT_CLASS = YES_ERROR;
				CLANG_WARN_QUOTED_INCLUDE_IN_FRAMEWORK_HEADER = YES;
				CLANG_WARN_RANGE_LOOP_ANALYSIS = YES;
				CLANG_WARN_STRICT_PROTOTYPES = YES;
				CLANG_WARN_SUSPICIOUS_MOVE = YES;
				CLANG_WARN_UNGUARDED_AVAILABILITY = YES_AGGRESSIVE;
				CLANG_WARN_UNREACHABLE_CODE = YES;
				CLANG_WARN__DUPLICATE_METHOD_MATCH = YES;
				CODE_SIGN_STYLE = Automatic;
				COPY_PHASE_STRIP = NO;
				CURRENT_PROJECT_VERSION = 1;
				DEBUG_INFORMATION_FORMAT = "dwarf-with-dsym";
				ENABLE_NS_ASSERTIONS = NO;
				ENABLE_STRICT_OBJC_MSGSEND = YES;
				ENABLE_USER_SCRIPT_SANDBOXING = YES;
				GCC_C_LANGUAGE_STANDARD = gnu11;
				GCC_NO_COMMON_BLOCKS = YES;
				GCC_WARN_64_TO_32_BIT_CONVERSION = YES;
				GCC_WARN_ABOUT_RETURN_TYPE = YES_ERROR;
				GCC_WARN_UNDECLARED_SELECTOR = YES;
				GCC_WARN_UNINITIALIZED_AUTOS = YES_AGGRESSIVE;
				GCC_WARN_UNUSED_FUNCTION = YES;
				GCC_WARN_UNUSED_VARIABLE = YES;
				IPHONEOS_DEPLOYMENT_TARGET = 26.0;
				MACOSX_DEPLOYMENT_TARGET = 26.0;
				MARKETING_VERSION = 1.0.0;
				MTL_ENABLE_DEBUG_INFO = NO;
				MTL_FAST_MATH = YES;
				PRODUCT_NAME = "$(TARGET_NAME)";
				SDKROOT = iphoneos;
				STRING_CATALOG_GENERATE_SYMBOLS = YES;
				SUPPORTED_PLATFORMS = "iphoneos iphonesimulator macosx";
				SWIFT_COMPILATION_MODE = wholemodule;
				SWIFT_OPTIMIZATION_LEVEL = "-O";
				SWIFT_VERSION = 5.9;
				TARGETED_DEVICE_FAMILY = "1,2";
			};
			name = Release;
		};
		33DCF5DA61BE39A79CCD7270 /* Debug */ = {
			isa = XCBuildConfiguration;
			baseConfigurationReference = 99D93FD1E573B49C12DC2C27 /* Development.xcconfig */;
			buildSettings = {
				ALWAYS_SEARCH_USER_PATHS = NO;
				ASSETCATALOG_COMPILER_GENERATE_SWIFT_ASSET_SYMBOL_EXTENSIONS = YES;
				CLANG_ANALYZER_NONNULL = YES;
				CLANG_ANALYZER_NUMBER_OBJECT_CONVERSION = YES_AGGRESSIVE;
				CLANG_CXX_LANGUAGE_STANDARD = "gnu++14";
				CLANG_CXX_LIBRARY = "libc++";
				CLANG_ENABLE_MODULES = YES;
				CLANG_ENABLE_OBJC_ARC = YES;
				CLANG_ENABLE_OBJC_WEAK = YES;
				CLANG_WARN_BLOCK_CAPTURE_AUTORELEASING = YES;
				CLANG_WARN_BOOL_CONVERSION = YES;
				CLANG_WARN_COMMA = YES;
				CLANG_WARN_CONSTANT_CONVERSION = YES;
				CLANG_WARN_DEPRECATED_OBJC_IMPLEMENTATIONS = YES;
				CLANG_WARN_DIRECT_OBJC_ISA_USAGE = YES_ERROR;
				CLANG_WARN_DOCUMENTATION_COMMENTS = YES;
				CLANG_WARN_EMPTY_BODY = YES;
				CLANG_WARN_ENUM_CONVERSION = YES;
				CLANG_WARN_INFINITE_RECURSION = YES;
				CLANG_WARN_INT_CONVERSION = YES;
				CLANG_WARN_NON_LITERAL_NULL_CONVERSION = YES;
				CLANG_WARN_OBJC_IMPLICIT_RETAIN_SELF = YES;
				CLANG_WARN_OBJC_LITERAL_CONVERSION = YES;
				CLANG_WARN_OBJC_ROOT_CLASS = YES_ERROR;
				CLANG_WARN_QUOTED_INCLUDE_IN_FRAMEWORK_HEADER = YES;
				CLANG_WARN_RANGE_LOOP_ANALYSIS = YES;
				CLANG_WARN_STRICT_PROTOTYPES = YES;
				CLANG_WARN_SUSPICIOUS_MOVE = YES;
				CLANG_WARN_UNGUARDED_AVAILABILITY = YES_AGGRESSIVE;
				CLANG_WARN_UNREACHABLE_CODE = YES;
				CLANG_WARN__DUPLICATE_METHOD_MATCH = YES;
				CODE_SIGN_STYLE = Automatic;
				COPY_PHASE_STRIP = NO;
				CURRENT_PROJECT_VERSION = 1;
				DEBUG_INFORMATION_FORMAT = dwarf;
				ENABLE_STRICT_OBJC_MSGSEND = YES;
				ENABLE_TESTABILITY = YES;
				ENABLE_USER_SCRIPT_SANDBOXING = YES;
				GCC_C_LANGUAGE_STANDARD = gnu11;
				GCC_DYNAMIC_NO_PIC = NO;
				GCC_NO_COMMON_BLOCKS = YES;
				GCC_OPTIMIZATION_LEVEL = 0;
				GCC_PREPROCESSOR_DEFINITIONS = (
					"$(inherited)",
					"DEBUG=1",
				);
				GCC_WARN_64_TO_32_BIT_CONVERSION = YES;
				GCC_WARN_ABOUT_RETURN_TYPE = YES_ERROR;
				GCC_WARN_UNDECLARED_SELECTOR = YES;
				GCC_WARN_UNINITIALIZED_AUTOS = YES_AGGRESSIVE;
				GCC_WARN_UNUSED_FUNCTION = YES;
				GCC_WARN_UNUSED_VARIABLE = YES;
				IPHONEOS_DEPLOYMENT_TARGET = 26.0;
				MACOSX_DEPLOYMENT_TARGET = 26.0;
				MARKETING_VERSION = 1.0.0;
				MTL_ENABLE_DEBUG_INFO = INCLUDE_SOURCE;
				MTL_FAST_MATH = YES;
				ONLY_ACTIVE_ARCH = YES;
				PRODUCT_NAME = "$(TARGET_NAME)";
				SDKROOT = iphoneos;
				STRING_CATALOG_GENERATE_SYMBOLS = YES;
				SUPPORTED_PLATFORMS = "iphoneos iphonesimulator macosx";
				SWIFT_ACTIVE_COMPILATION_CONDITIONS = DEBUG;
				SWIFT_OPTIMIZATION_LEVEL = "-Onone";
				SWIFT_VERSION = 5.9;
				TARGETED_DEVICE_FAMILY = "1,2";
			};
			name = Debug;
		};
		7702846B72CB58F1432A0921 /* Debug */ = {
			isa = XCBuildConfiguration;
			buildSettings = {
				BUNDLE_LOADER = "$(TEST_HOST)";
				"BUNDLE_LOADER[sdk=macosx*]" = "$(TEST_HOST)";
				GENERATE_INFOPLIST_FILE = YES;
				LD_RUNPATH_SEARCH_PATHS = (
					"$(inherited)",
					"@executable_path/Frameworks",
					"@loader_path/Frameworks",
				);
				PRODUCT_BUNDLE_IDENTIFIER = com.bluefenixproductions.FenixKanbanTests;
				SDKROOT = iphoneos;
				TARGETED_DEVICE_FAMILY = "1,2";
				TEST_HOST = "$(BUILT_PRODUCTS_DIR)/FenixKanban.app/FenixKanban";
				"TEST_HOST[sdk=macosx*]" = "$(BUILT_PRODUCTS_DIR)/FenixKanban.app/Contents/MacOS/FenixKanban";
			};
			name = Debug;
		};
		AD0BD7B73FA26AB2919B78DD /* Release */ = {
			isa = XCBuildConfiguration;
			buildSettings = {
				BUNDLE_LOADER = "$(TEST_HOST)";
				"BUNDLE_LOADER[sdk=macosx*]" = "$(TEST_HOST)";
				GENERATE_INFOPLIST_FILE = YES;
				LD_RUNPATH_SEARCH_PATHS = (
					"$(inherited)",
					"@executable_path/Frameworks",
					"@loader_path/Frameworks",
				);
				PRODUCT_BUNDLE_IDENTIFIER = com.bluefenixproductions.FenixKanbanTests;
				SDKROOT = iphoneos;
				TARGETED_DEVICE_FAMILY = "1,2";
				TEST_HOST = "$(BUILT_PRODUCTS_DIR)/FenixKanban.app/FenixKanban";
				"TEST_HOST[sdk=macosx*]" = "$(BUILT_PRODUCTS_DIR)/FenixKanban.app/Contents/MacOS/FenixKanban";
			};
			name = Release;
		};
		EC40A95293AAD3628E587CD2 /* Release */ = {
			isa = XCBuildConfiguration;
			buildSettings = {
				ASSETCATALOG_COMPILER_APPICON_NAME = AppIcon;
				CODE_SIGN_ENTITLEMENTS = FenixKanban/Resources/FenixKanban.entitlements;
				CODE_SIGN_IDENTITY = "iPhone Developer";
				"EXCLUDED_SOURCE_FILE_NAMES[sdk=macosx*]" = LaunchScreen.storyboard;
				GENERATE_INFOPLIST_FILE = YES;
				INFOPLIST_FILE = "FenixKanban/Resources/Info-Partial.plist";
				INFOPLIST_KEY_CFBundleDisplayName = FenixKanban;
				INFOPLIST_KEY_UIApplicationSceneManifest_Generation = YES;
				LD_RUNPATH_SEARCH_PATHS = (
					"$(inherited)",
					"@executable_path/Frameworks",
				);
				PRODUCT_BUNDLE_IDENTIFIER = com.bluefenixproductions.FenixKanban;
				SDKROOT = iphoneos;
				SUPPORTS_MACCATALYST = NO;
				TARGETED_DEVICE_FAMILY = "1,2";
			};
			name = Release;
		};
/* End XCBuildConfiguration section */

/* Begin XCConfigurationList section */
		2DCEDBB8F8575B9FBC5E4638 /* Build configuration list for PBXNativeTarget "FenixKanban" */ = {
			isa = XCConfigurationList;
			buildConfigurations = (
				0BABE41DBB66815104FE4506 /* Debug */,
				EC40A95293AAD3628E587CD2 /* Release */,
			);
			defaultConfigurationIsVisible = 0;
			defaultConfigurationName = Debug;
		};
		51427CA70DCD561FFDD710B8 /* Build configuration list for PBXProject "FenixKanban" */ = {
			isa = XCConfigurationList;
			buildConfigurations = (
				33DCF5DA61BE39A79CCD7270 /* Debug */,
				21874AFDE288A36F86B329AB /* Release */,
			);
			defaultConfigurationIsVisible = 0;
			defaultConfigurationName = Debug;
		};
		85D5340FEE4C212FE6974E6B /* Build configuration list for PBXNativeTarget "FenixKanbanTests" */ = {
			isa = XCConfigurationList;
			buildConfigurations = (
				7702846B72CB58F1432A0921 /* Debug */,
				AD0BD7B73FA26AB2919B78DD /* Release */,
			);
			defaultConfigurationIsVisible = 0;
			defaultConfigurationName = Debug;
		};
/* End XCConfigurationList section */

/* Begin XCVersionGroup section */
		EEBD451172E851A085C36F49 /* FenixKanban.xcdatamodeld */ = {
			isa = XCVersionGroup;
			children = (
				1AC67CF978FD710B34B6FC3E /* FenixKanban 2.xcdatamodel */,
				0BFC2630360516F47B333AA9 /* FenixKanban 3.xcdatamodel */,
				5E3E553C08C4D58EB070A17A /* FenixKanban 4.xcdatamodel */,
				80B2297E0A59161848CA6210 /* FenixKanban 5.xcdatamodel */,
				47370391180279CF8506A463 /* FenixKanban 6.xcdatamodel */,
				9D4887005A9D6F6667E16776 /* FenixKanban 7.xcdatamodel */,
				B7B208793EC15D6679B2543D /* FenixKanban 8.xcdatamodel */,
				86315EDE59D44548FA6B0B57 /* FenixKanban.xcdatamodel */,
			);
			currentVersion = B7B208793EC15D6679B2543D /* FenixKanban 8.xcdatamodel */;
			path = FenixKanban.xcdatamodeld;
			sourceTree = "<group>";
			versionGroupType = wrapper.xcdatamodel;
		};
/* End XCVersionGroup section */
	};
	rootObject = FA3C663B872EBD2B6D95718D /* Project object */;
}
